// !$*UTF8*$!
{
	archiveVersion = 1;
	classes = {
	};
	objectVersion = 46;
	objects = {

/* Begin PBXBuildFile section */
		1A1259101D36F8A1004FA9A7 /* FRBook.swift in Sources */ = {isa = PBXBuildFile; fileRef = 1A1258861D36F8A1004FA9A7 /* FRBook.swift */; };
		1A1259111D36F8A1004FA9A7 /* FREpubParser.swift in Sources */ = {isa = PBXBuildFile; fileRef = 1A1258871D36F8A1004FA9A7 /* FREpubParser.swift */; };
		1A1259121D36F8A1004FA9A7 /* FRMediaType.swift in Sources */ = {isa = PBXBuildFile; fileRef = 1A1258881D36F8A1004FA9A7 /* FRMediaType.swift */; };
		1A1259131D36F8A1004FA9A7 /* FRMetadata.swift in Sources */ = {isa = PBXBuildFile; fileRef = 1A1258891D36F8A1004FA9A7 /* FRMetadata.swift */; };
		1A1259141D36F8A1004FA9A7 /* FRResource.swift in Sources */ = {isa = PBXBuildFile; fileRef = 1A12588A1D36F8A1004FA9A7 /* FRResource.swift */; };
		1A1259151D36F8A1004FA9A7 /* FRResources.swift in Sources */ = {isa = PBXBuildFile; fileRef = 1A12588B1D36F8A1004FA9A7 /* FRResources.swift */; };
		1A1259161D36F8A1004FA9A7 /* FRSmilElement.swift in Sources */ = {isa = PBXBuildFile; fileRef = 1A12588C1D36F8A1004FA9A7 /* FRSmilElement.swift */; };
		1A1259171D36F8A1004FA9A7 /* FRSmils.swift in Sources */ = {isa = PBXBuildFile; fileRef = 1A12588D1D36F8A1004FA9A7 /* FRSmils.swift */; };
		1A1259181D36F8A1004FA9A7 /* FRSpine.swift in Sources */ = {isa = PBXBuildFile; fileRef = 1A12588E1D36F8A1004FA9A7 /* FRSpine.swift */; };
		1A1259191D36F8A1004FA9A7 /* FRTocReference.swift in Sources */ = {isa = PBXBuildFile; fileRef = 1A12588F1D36F8A1004FA9A7 /* FRTocReference.swift */; };
		1A12591A1D36F8A1004FA9A7 /* FolioReaderAudioPlayer.swift in Sources */ = {isa = PBXBuildFile; fileRef = 1A1258901D36F8A1004FA9A7 /* FolioReaderAudioPlayer.swift */; };
		1A12591B1D36F8A1004FA9A7 /* FolioReaderCenter.swift in Sources */ = {isa = PBXBuildFile; fileRef = 1A1258911D36F8A1004FA9A7 /* FolioReaderCenter.swift */; };
		1A12591C1D36F8A1004FA9A7 /* FolioReaderConfig.swift in Sources */ = {isa = PBXBuildFile; fileRef = 1A1258921D36F8A1004FA9A7 /* FolioReaderConfig.swift */; };
		1A12591D1D36F8A1004FA9A7 /* FolioReaderContainer.swift in Sources */ = {isa = PBXBuildFile; fileRef = 1A1258931D36F8A1004FA9A7 /* FolioReaderContainer.swift */; };
		1A12591E1D36F8A1004FA9A7 /* FolioReaderFontsMenu.swift in Sources */ = {isa = PBXBuildFile; fileRef = 1A1258941D36F8A1004FA9A7 /* FolioReaderFontsMenu.swift */; };
		1A12591F1D36F8A1004FA9A7 /* FolioReaderHighlightList.swift in Sources */ = {isa = PBXBuildFile; fileRef = 1A1258951D36F8A1004FA9A7 /* FolioReaderHighlightList.swift */; };
		1A1259201D36F8A1004FA9A7 /* FolioReaderKit.h in Headers */ = {isa = PBXBuildFile; fileRef = 1A1258961D36F8A1004FA9A7 /* FolioReaderKit.h */; };
		1A1259211D36F8A1004FA9A7 /* FolioReaderKit.swift in Sources */ = {isa = PBXBuildFile; fileRef = 1A1258971D36F8A1004FA9A7 /* FolioReaderKit.swift */; };
		1A1259221D36F8A1004FA9A7 /* FolioReaderPage.swift in Sources */ = {isa = PBXBuildFile; fileRef = 1A1258981D36F8A1004FA9A7 /* FolioReaderPage.swift */; };
		1A1259231D36F8A1004FA9A7 /* FolioReaderPageIndicator.swift in Sources */ = {isa = PBXBuildFile; fileRef = 1A1258991D36F8A1004FA9A7 /* FolioReaderPageIndicator.swift */; };
		1A1259241D36F8A1004FA9A7 /* FolioReaderPlayerMenu.swift in Sources */ = {isa = PBXBuildFile; fileRef = 1A12589A1D36F8A1004FA9A7 /* FolioReaderPlayerMenu.swift */; };
		1A1259251D36F8A1004FA9A7 /* FolioReaderSharingProvider.swift in Sources */ = {isa = PBXBuildFile; fileRef = 1A12589B1D36F8A1004FA9A7 /* FolioReaderSharingProvider.swift */; };
		1A1259261D36F8A1004FA9A7 /* FolioReaderSidePanel.swift in Sources */ = {isa = PBXBuildFile; fileRef = 1A12589C1D36F8A1004FA9A7 /* FolioReaderSidePanel.swift */; };
		1A1259271D36F8A1004FA9A7 /* FolioReaderSidePanelCell.swift in Sources */ = {isa = PBXBuildFile; fileRef = 1A12589D1D36F8A1004FA9A7 /* FolioReaderSidePanelCell.swift */; };
		1A1259281D36F8A1004FA9A7 /* CoreDataManager.swift in Sources */ = {isa = PBXBuildFile; fileRef = 1A12589F1D36F8A1004FA9A7 /* CoreDataManager.swift */; };
		1A1259291D36F8A1004FA9A7 /* FolioReader.xcdatamodeld in Sources */ = {isa = PBXBuildFile; fileRef = 1A1258A01D36F8A1004FA9A7 /* FolioReader.xcdatamodeld */; };
		1A12592A1D36F8A1004FA9A7 /* Highlight+Helper.swift in Sources */ = {isa = PBXBuildFile; fileRef = 1A1258A21D36F8A1004FA9A7 /* Highlight+Helper.swift */; };
		1A12592B1D36F8A1004FA9A7 /* Highlight+Migration.swift in Sources */ = {isa = PBXBuildFile; fileRef = 1A1258A31D36F8A1004FA9A7 /* Highlight+Migration.swift */; };
		1A12592C1D36F8A1004FA9A7 /* Highlight.swift in Sources */ = {isa = PBXBuildFile; fileRef = 1A1258A41D36F8A1004FA9A7 /* Highlight.swift */; };
		1A12592D1D36F8A1004FA9A7 /* Bridge.js in Resources */ = {isa = PBXBuildFile; fileRef = 1A1258A61D36F8A1004FA9A7 /* Bridge.js */; };
		1A12592E1D36F8A1004FA9A7 /* Andada-Bold.otf in Resources */ = {isa = PBXBuildFile; fileRef = 1A1258A91D36F8A1004FA9A7 /* Andada-Bold.otf */; };
		1A12592F1D36F8A1004FA9A7 /* Andada-BoldItalic.otf in Resources */ = {isa = PBXBuildFile; fileRef = 1A1258AA1D36F8A1004FA9A7 /* Andada-BoldItalic.otf */; };
		1A1259301D36F8A1004FA9A7 /* Andada-Italic.otf in Resources */ = {isa = PBXBuildFile; fileRef = 1A1258AB1D36F8A1004FA9A7 /* Andada-Italic.otf */; };
		1A1259311D36F8A1004FA9A7 /* Andada-Regular.otf in Resources */ = {isa = PBXBuildFile; fileRef = 1A1258AC1D36F8A1004FA9A7 /* Andada-Regular.otf */; };
		1A1259321D36F8A1004FA9A7 /* Lato-Bold.ttf in Resources */ = {isa = PBXBuildFile; fileRef = 1A1258AE1D36F8A1004FA9A7 /* Lato-Bold.ttf */; };
		1A1259331D36F8A1004FA9A7 /* Lato-BoldItalic.ttf in Resources */ = {isa = PBXBuildFile; fileRef = 1A1258AF1D36F8A1004FA9A7 /* Lato-BoldItalic.ttf */; };
		1A1259341D36F8A1004FA9A7 /* Lato-Italic.ttf in Resources */ = {isa = PBXBuildFile; fileRef = 1A1258B01D36F8A1004FA9A7 /* Lato-Italic.ttf */; };
		1A1259351D36F8A1004FA9A7 /* Lato-Regular.ttf in Resources */ = {isa = PBXBuildFile; fileRef = 1A1258B11D36F8A1004FA9A7 /* Lato-Regular.ttf */; };
		1A1259361D36F8A1004FA9A7 /* Lora-Bold.ttf in Resources */ = {isa = PBXBuildFile; fileRef = 1A1258B31D36F8A1004FA9A7 /* Lora-Bold.ttf */; };
		1A1259371D36F8A1004FA9A7 /* Lora-BoldItalic.ttf in Resources */ = {isa = PBXBuildFile; fileRef = 1A1258B41D36F8A1004FA9A7 /* Lora-BoldItalic.ttf */; };
		1A1259381D36F8A1004FA9A7 /* Lora-Italic.ttf in Resources */ = {isa = PBXBuildFile; fileRef = 1A1258B51D36F8A1004FA9A7 /* Lora-Italic.ttf */; };
		1A1259391D36F8A1004FA9A7 /* Lora-Regular.ttf in Resources */ = {isa = PBXBuildFile; fileRef = 1A1258B61D36F8A1004FA9A7 /* Lora-Regular.ttf */; };
		1A12593A1D36F8A1004FA9A7 /* Raleway-Bold.ttf in Resources */ = {isa = PBXBuildFile; fileRef = 1A1258B81D36F8A1004FA9A7 /* Raleway-Bold.ttf */; };
		1A12593B1D36F8A1004FA9A7 /* Raleway-BoldItalic.ttf in Resources */ = {isa = PBXBuildFile; fileRef = 1A1258B91D36F8A1004FA9A7 /* Raleway-BoldItalic.ttf */; };
		1A12593C1D36F8A1004FA9A7 /* Raleway-Italic.ttf in Resources */ = {isa = PBXBuildFile; fileRef = 1A1258BA1D36F8A1004FA9A7 /* Raleway-Italic.ttf */; };
		1A12593D1D36F8A1004FA9A7 /* Raleway-Regular.ttf in Resources */ = {isa = PBXBuildFile; fileRef = 1A1258BB1D36F8A1004FA9A7 /* Raleway-Regular.ttf */; };
		1A12593E1D36F8A1004FA9A7 /* blue-marker.png in Resources */ = {isa = PBXBuildFile; fileRef = 1A1258BD1D36F8A1004FA9A7 /* blue-marker.png */; };
		1A12593F1D36F8A1004FA9A7 /* blue-marker@2x.png in Resources */ = {isa = PBXBuildFile; fileRef = 1A1258BE1D36F8A1004FA9A7 /* blue-marker@2x.png */; };
		1A1259401D36F8A1004FA9A7 /* btn-navbar-menu.png in Resources */ = {isa = PBXBuildFile; fileRef = 1A1258BF1D36F8A1004FA9A7 /* btn-navbar-menu.png */; };
		1A1259411D36F8A1004FA9A7 /* btn-navbar-menu@2x.png in Resources */ = {isa = PBXBuildFile; fileRef = 1A1258C01D36F8A1004FA9A7 /* btn-navbar-menu@2x.png */; };
		1A1259421D36F8A1004FA9A7 /* btn-navbar-menu@3x.png in Resources */ = {isa = PBXBuildFile; fileRef = 1A1258C11D36F8A1004FA9A7 /* btn-navbar-menu@3x.png */; };
		1A1259431D36F8A1004FA9A7 /* btn-navbar-share.png in Resources */ = {isa = PBXBuildFile; fileRef = 1A1258C21D36F8A1004FA9A7 /* btn-navbar-share.png */; };
		1A1259441D36F8A1004FA9A7 /* btn-navbar-share@2x.png in Resources */ = {isa = PBXBuildFile; fileRef = 1A1258C31D36F8A1004FA9A7 /* btn-navbar-share@2x.png */; };
		1A1259451D36F8A1004FA9A7 /* btn-navbar-share@3x.png in Resources */ = {isa = PBXBuildFile; fileRef = 1A1258C41D36F8A1004FA9A7 /* btn-navbar-share@3x.png */; };
		1A1259461D36F8A1004FA9A7 /* colors-marker.png in Resources */ = {isa = PBXBuildFile; fileRef = 1A1258C51D36F8A1004FA9A7 /* colors-marker.png */; };
		1A1259471D36F8A1004FA9A7 /* colors-marker@2x.png in Resources */ = {isa = PBXBuildFile; fileRef = 1A1258C61D36F8A1004FA9A7 /* colors-marker@2x.png */; };
		1A1259481D36F8A1004FA9A7 /* colors-marker@3x.png in Resources */ = {isa = PBXBuildFile; fileRef = 1A1258C71D36F8A1004FA9A7 /* colors-marker@3x.png */; };
		1A1259491D36F8A1004FA9A7 /* green-marker.png in Resources */ = {isa = PBXBuildFile; fileRef = 1A1258C81D36F8A1004FA9A7 /* green-marker.png */; };
		1A12594A1D36F8A1004FA9A7 /* green-marker@2x.png in Resources */ = {isa = PBXBuildFile; fileRef = 1A1258C91D36F8A1004FA9A7 /* green-marker@2x.png */; };
		1A12594B1D36F8A1004FA9A7 /* icon-close.png in Resources */ = {isa = PBXBuildFile; fileRef = 1A1258CA1D36F8A1004FA9A7 /* icon-close.png */; };
		1A12594C1D36F8A1004FA9A7 /* icon-close@2x.png in Resources */ = {isa = PBXBuildFile; fileRef = 1A1258CB1D36F8A1004FA9A7 /* icon-close@2x.png */; };
		1A12594D1D36F8A1004FA9A7 /* icon-close@3x.png in Resources */ = {isa = PBXBuildFile; fileRef = 1A1258CC1D36F8A1004FA9A7 /* icon-close@3x.png */; };
		1A12594E1D36F8A1004FA9A7 /* icon-font-big.png in Resources */ = {isa = PBXBuildFile; fileRef = 1A1258CD1D36F8A1004FA9A7 /* icon-font-big.png */; };
		1A12594F1D36F8A1004FA9A7 /* icon-font-big@2x.png in Resources */ = {isa = PBXBuildFile; fileRef = 1A1258CE1D36F8A1004FA9A7 /* icon-font-big@2x.png */; };
		1A1259501D36F8A1004FA9A7 /* icon-font-big@3x.png in Resources */ = {isa = PBXBuildFile; fileRef = 1A1258CF1D36F8A1004FA9A7 /* icon-font-big@3x.png */; };
		1A1259511D36F8A1004FA9A7 /* icon-font-small.png in Resources */ = {isa = PBXBuildFile; fileRef = 1A1258D01D36F8A1004FA9A7 /* icon-font-small.png */; };
		1A1259521D36F8A1004FA9A7 /* icon-font-small@2x.png in Resources */ = {isa = PBXBuildFile; fileRef = 1A1258D11D36F8A1004FA9A7 /* icon-font-small@2x.png */; };
		1A1259531D36F8A1004FA9A7 /* icon-font-small@3x.png in Resources */ = {isa = PBXBuildFile; fileRef = 1A1258D21D36F8A1004FA9A7 /* icon-font-small@3x.png */; };
		1A1259541D36F8A1004FA9A7 /* icon-font.png in Resources */ = {isa = PBXBuildFile; fileRef = 1A1258D31D36F8A1004FA9A7 /* icon-font.png */; };
		1A1259551D36F8A1004FA9A7 /* icon-font@2x.png in Resources */ = {isa = PBXBuildFile; fileRef = 1A1258D41D36F8A1004FA9A7 /* icon-font@2x.png */; };
		1A1259561D36F8A1004FA9A7 /* icon-font@3x.png in Resources */ = {isa = PBXBuildFile; fileRef = 1A1258D51D36F8A1004FA9A7 /* icon-font@3x.png */; };
		1A1259571D36F8A1004FA9A7 /* icon-highlight.png in Resources */ = {isa = PBXBuildFile; fileRef = 1A1258D61D36F8A1004FA9A7 /* icon-highlight.png */; };
		1A1259581D36F8A1004FA9A7 /* icon-highlight@2x.png in Resources */ = {isa = PBXBuildFile; fileRef = 1A1258D71D36F8A1004FA9A7 /* icon-highlight@2x.png */; };
		1A1259591D36F8A1004FA9A7 /* icon-highlight@3x.png in Resources */ = {isa = PBXBuildFile; fileRef = 1A1258D81D36F8A1004FA9A7 /* icon-highlight@3x.png */; };
		1A12595A1D36F8A1004FA9A7 /* icon-moon.png in Resources */ = {isa = PBXBuildFile; fileRef = 1A1258D91D36F8A1004FA9A7 /* icon-moon.png */; };
		1A12595B1D36F8A1004FA9A7 /* icon-moon@2x.png in Resources */ = {isa = PBXBuildFile; fileRef = 1A1258DA1D36F8A1004FA9A7 /* icon-moon@2x.png */; };
		1A12595C1D36F8A1004FA9A7 /* icon-moon@3x.png in Resources */ = {isa = PBXBuildFile; fileRef = 1A1258DB1D36F8A1004FA9A7 /* icon-moon@3x.png */; };
		1A12595D1D36F8A1004FA9A7 /* icon-search.png in Resources */ = {isa = PBXBuildFile; fileRef = 1A1258DC1D36F8A1004FA9A7 /* icon-search.png */; };
		1A12595E1D36F8A1004FA9A7 /* icon-search@2x.png in Resources */ = {isa = PBXBuildFile; fileRef = 1A1258DD1D36F8A1004FA9A7 /* icon-search@2x.png */; };
		1A12595F1D36F8A1004FA9A7 /* icon-search@3x.png in Resources */ = {isa = PBXBuildFile; fileRef = 1A1258DE1D36F8A1004FA9A7 /* icon-search@3x.png */; };
		1A1259601D36F8A1004FA9A7 /* icon-sun.png in Resources */ = {isa = PBXBuildFile; fileRef = 1A1258DF1D36F8A1004FA9A7 /* icon-sun.png */; };
		1A1259611D36F8A1004FA9A7 /* icon-sun@2x.png in Resources */ = {isa = PBXBuildFile; fileRef = 1A1258E01D36F8A1004FA9A7 /* icon-sun@2x.png */; };
		1A1259621D36F8A1004FA9A7 /* icon-sun@3x.png in Resources */ = {isa = PBXBuildFile; fileRef = 1A1258E11D36F8A1004FA9A7 /* icon-sun@3x.png */; };
		1A1259631D36F8A1004FA9A7 /* icon-volume-high.png in Resources */ = {isa = PBXBuildFile; fileRef = 1A1258E21D36F8A1004FA9A7 /* icon-volume-high.png */; };
		1A1259641D36F8A1004FA9A7 /* icon-volume-high@2x.png in Resources */ = {isa = PBXBuildFile; fileRef = 1A1258E31D36F8A1004FA9A7 /* icon-volume-high@2x.png */; };
		1A1259651D36F8A1004FA9A7 /* icon-volume-high@3x.png in Resources */ = {isa = PBXBuildFile; fileRef = 1A1258E41D36F8A1004FA9A7 /* icon-volume-high@3x.png */; };
		1A1259661D36F8A1004FA9A7 /* knob.png in Resources */ = {isa = PBXBuildFile; fileRef = 1A1258E51D36F8A1004FA9A7 /* knob.png */; };
		1A1259671D36F8A1004FA9A7 /* knob@2x.png in Resources */ = {isa = PBXBuildFile; fileRef = 1A1258E61D36F8A1004FA9A7 /* knob@2x.png */; };
		1A1259681D36F8A1004FA9A7 /* knob@3x.png in Resources */ = {isa = PBXBuildFile; fileRef = 1A1258E71D36F8A1004FA9A7 /* knob@3x.png */; };
		1A1259691D36F8A1004FA9A7 /* man-speech-icon.png in Resources */ = {isa = PBXBuildFile; fileRef = 1A1258E81D36F8A1004FA9A7 /* man-speech-icon.png */; };
		1A12596A1D36F8A1004FA9A7 /* man-speech-icon@2x.png in Resources */ = {isa = PBXBuildFile; fileRef = 1A1258E91D36F8A1004FA9A7 /* man-speech-icon@2x.png */; };
		1A12596B1D36F8A1004FA9A7 /* man-speech-icon@3x.png in Resources */ = {isa = PBXBuildFile; fileRef = 1A1258EA1D36F8A1004FA9A7 /* man-speech-icon@3x.png */; };
		1A12596C1D36F8A1004FA9A7 /* next-icon.png in Resources */ = {isa = PBXBuildFile; fileRef = 1A1258EB1D36F8A1004FA9A7 /* next-icon.png */; };
		1A12596D1D36F8A1004FA9A7 /* next-icon@2x.png in Resources */ = {isa = PBXBuildFile; fileRef = 1A1258EC1D36F8A1004FA9A7 /* next-icon@2x.png */; };
		1A12596E1D36F8A1004FA9A7 /* next-icon@3x.png in Resources */ = {isa = PBXBuildFile; fileRef = 1A1258ED1D36F8A1004FA9A7 /* next-icon@3x.png */; };
		1A12596F1D36F8A1004FA9A7 /* no-marker.png in Resources */ = {isa = PBXBuildFile; fileRef = 1A1258EE1D36F8A1004FA9A7 /* no-marker.png */; };
		1A1259701D36F8A1004FA9A7 /* no-marker@2x.png in Resources */ = {isa = PBXBuildFile; fileRef = 1A1258EF1D36F8A1004FA9A7 /* no-marker@2x.png */; };
		1A1259711D36F8A1004FA9A7 /* no-marker@3x.png in Resources */ = {isa = PBXBuildFile; fileRef = 1A1258F01D36F8A1004FA9A7 /* no-marker@3x.png */; };
		1A1259721D36F8A1004FA9A7 /* pause-btn.png in Resources */ = {isa = PBXBuildFile; fileRef = 1A1258F11D36F8A1004FA9A7 /* pause-btn.png */; };
		1A1259731D36F8A1004FA9A7 /* pause-btn@2x.png in Resources */ = {isa = PBXBuildFile; fileRef = 1A1258F21D36F8A1004FA9A7 /* pause-btn@2x.png */; };
		1A1259741D36F8A1004FA9A7 /* pause-btn@3x.png in Resources */ = {isa = PBXBuildFile; fileRef = 1A1258F31D36F8A1004FA9A7 /* pause-btn@3x.png */; };
		1A1259751D36F8A1004FA9A7 /* pause-icon.png in Resources */ = {isa = PBXBuildFile; fileRef = 1A1258F41D36F8A1004FA9A7 /* pause-icon.png */; };
		1A1259761D36F8A1004FA9A7 /* pause-icon@2x.png in Resources */ = {isa = PBXBuildFile; fileRef = 1A1258F51D36F8A1004FA9A7 /* pause-icon@2x.png */; };
		1A1259771D36F8A1004FA9A7 /* pause-icon@3x.png in Resources */ = {isa = PBXBuildFile; fileRef = 1A1258F61D36F8A1004FA9A7 /* pause-icon@3x.png */; };
		1A1259781D36F8A1004FA9A7 /* pink-marker.png in Resources */ = {isa = PBXBuildFile; fileRef = 1A1258F71D36F8A1004FA9A7 /* pink-marker.png */; };
		1A1259791D36F8A1004FA9A7 /* pink-marker@2x.png in Resources */ = {isa = PBXBuildFile; fileRef = 1A1258F81D36F8A1004FA9A7 /* pink-marker@2x.png */; };
		1A12597A1D36F8A1004FA9A7 /* play-btn.png in Resources */ = {isa = PBXBuildFile; fileRef = 1A1258F91D36F8A1004FA9A7 /* play-btn.png */; };
		1A12597B1D36F8A1004FA9A7 /* play-btn@2x.png in Resources */ = {isa = PBXBuildFile; fileRef = 1A1258FA1D36F8A1004FA9A7 /* play-btn@2x.png */; };
		1A12597C1D36F8A1004FA9A7 /* play-btn@3x.png in Resources */ = {isa = PBXBuildFile; fileRef = 1A1258FB1D36F8A1004FA9A7 /* play-btn@3x.png */; };
		1A12597D1D36F8A1004FA9A7 /* play-icon.png in Resources */ = {isa = PBXBuildFile; fileRef = 1A1258FC1D36F8A1004FA9A7 /* play-icon.png */; };
		1A12597E1D36F8A1004FA9A7 /* play-icon@2x.png in Resources */ = {isa = PBXBuildFile; fileRef = 1A1258FD1D36F8A1004FA9A7 /* play-icon@2x.png */; };
		1A12597F1D36F8A1004FA9A7 /* play-icon@3x.png in Resources */ = {isa = PBXBuildFile; fileRef = 1A1258FE1D36F8A1004FA9A7 /* play-icon@3x.png */; };
		1A1259801D36F8A1004FA9A7 /* prev-icon.png in Resources */ = {isa = PBXBuildFile; fileRef = 1A1258FF1D36F8A1004FA9A7 /* prev-icon.png */; };
		1A1259811D36F8A1004FA9A7 /* prev-icon@2x.png in Resources */ = {isa = PBXBuildFile; fileRef = 1A1259001D36F8A1004FA9A7 /* prev-icon@2x.png */; };
		1A1259821D36F8A1004FA9A7 /* prev-icon@3x.png in Resources */ = {isa = PBXBuildFile; fileRef = 1A1259011D36F8A1004FA9A7 /* prev-icon@3x.png */; };
		1A1259831D36F8A1004FA9A7 /* share-marker.png in Resources */ = {isa = PBXBuildFile; fileRef = 1A1259021D36F8A1004FA9A7 /* share-marker.png */; };
		1A1259841D36F8A1004FA9A7 /* share-marker@2x.png in Resources */ = {isa = PBXBuildFile; fileRef = 1A1259031D36F8A1004FA9A7 /* share-marker@2x.png */; };
		1A1259851D36F8A1004FA9A7 /* share-marker@3x.png in Resources */ = {isa = PBXBuildFile; fileRef = 1A1259041D36F8A1004FA9A7 /* share-marker@3x.png */; };
		1A1259861D36F8A1004FA9A7 /* underline-marker.png in Resources */ = {isa = PBXBuildFile; fileRef = 1A1259051D36F8A1004FA9A7 /* underline-marker.png */; };
		1A1259871D36F8A1004FA9A7 /* underline-marker@2x.png in Resources */ = {isa = PBXBuildFile; fileRef = 1A1259061D36F8A1004FA9A7 /* underline-marker@2x.png */; };
		1A1259881D36F8A1004FA9A7 /* volume-max-icon.png in Resources */ = {isa = PBXBuildFile; fileRef = 1A1259071D36F8A1004FA9A7 /* volume-max-icon.png */; };
		1A1259891D36F8A1004FA9A7 /* volume-max-icon@2x.png in Resources */ = {isa = PBXBuildFile; fileRef = 1A1259081D36F8A1004FA9A7 /* volume-max-icon@2x.png */; };
		1A12598A1D36F8A1004FA9A7 /* volume-max-icon@3x.png in Resources */ = {isa = PBXBuildFile; fileRef = 1A1259091D36F8A1004FA9A7 /* volume-max-icon@3x.png */; };
		1A12598B1D36F8A1004FA9A7 /* volume-min-icon.png in Resources */ = {isa = PBXBuildFile; fileRef = 1A12590A1D36F8A1004FA9A7 /* volume-min-icon.png */; };
		1A12598C1D36F8A1004FA9A7 /* volume-min-icon@2x.png in Resources */ = {isa = PBXBuildFile; fileRef = 1A12590B1D36F8A1004FA9A7 /* volume-min-icon@2x.png */; };
		1A12598D1D36F8A1004FA9A7 /* volume-min-icon@3x.png in Resources */ = {isa = PBXBuildFile; fileRef = 1A12590C1D36F8A1004FA9A7 /* volume-min-icon@3x.png */; };
		1A12598E1D36F8A1004FA9A7 /* yellow-marker.png in Resources */ = {isa = PBXBuildFile; fileRef = 1A12590D1D36F8A1004FA9A7 /* yellow-marker.png */; };
		1A12598F1D36F8A1004FA9A7 /* yellow-marker@2x.png in Resources */ = {isa = PBXBuildFile; fileRef = 1A12590E1D36F8A1004FA9A7 /* yellow-marker@2x.png */; };
		1A1259901D36F8A1004FA9A7 /* Style.css in Resources */ = {isa = PBXBuildFile; fileRef = 1A12590F1D36F8A1004FA9A7 /* Style.css */; };
		B0D6990F1D035FA2003B4CCD /* FolioReaderKit.h in Headers */ = {isa = PBXBuildFile; fileRef = B0D6990E1D035FA2003B4CCD /* FolioReaderKit.h */; settings = {ATTRIBUTES = (Public, ); }; };
		B0D699161D035FA2003B4CCD /* FolioReaderKit.framework in Frameworks */ = {isa = PBXBuildFile; fileRef = B0D6990B1D035FA2003B4CCD /* FolioReaderKit.framework */; };
		B0D6991B1D035FA2003B4CCD /* FolioReaderKitTests.swift in Sources */ = {isa = PBXBuildFile; fileRef = B0D6991A1D035FA2003B4CCD /* FolioReaderKitTests.swift */; };
		B0D69CC81D0387F7003B4CCD /* HADiscreteSlider.swift in Sources */ = {isa = PBXBuildFile; fileRef = B0D69C441D0387F7003B4CCD /* HADiscreteSlider.swift */; };
		B0D69CC91D0387F7003B4CCD /* SMSegment.swift in Sources */ = {isa = PBXBuildFile; fileRef = B0D69C461D0387F7003B4CCD /* SMSegment.swift */; };
		B0D69CCA1D0387F7003B4CCD /* SMSegmentView.swift in Sources */ = {isa = PBXBuildFile; fileRef = B0D69C471D0387F7003B4CCD /* SMSegmentView.swift */; };
		B0D69CD11D0388EF003B4CCD /* AEXML.framework in Frameworks */ = {isa = PBXBuildFile; fileRef = B0D69CCB1D0388EF003B4CCD /* AEXML.framework */; };
		B0D69CD21D0388EF003B4CCD /* FontBlaster.framework in Frameworks */ = {isa = PBXBuildFile; fileRef = B0D69CCC1D0388EF003B4CCD /* FontBlaster.framework */; };
		B0D69CD31D0388EF003B4CCD /* JSQWebViewController.framework in Frameworks */ = {isa = PBXBuildFile; fileRef = B0D69CCD1D0388EF003B4CCD /* JSQWebViewController.framework */; };
		B0D69CD51D0388EF003B4CCD /* ZFDragableModalTransition.framework in Frameworks */ = {isa = PBXBuildFile; fileRef = B0D69CCF1D0388EF003B4CCD /* ZFDragableModalTransition.framework */; };
		B0D69CD61D0388EF003B4CCD /* ZipArchive.framework in Frameworks */ = {isa = PBXBuildFile; fileRef = B0D69CD01D0388EF003B4CCD /* ZipArchive.framework */; };
		C581D6DF1D35F46C00B6EF95 /* MenuItemKit.framework in Frameworks */ = {isa = PBXBuildFile; fileRef = C581D6DE1D35F46C00B6EF95 /* MenuItemKit.framework */; };
		C581D6E11D35FAC200B6EF95 /* RealmSwift.framework in Frameworks */ = {isa = PBXBuildFile; fileRef = C581D6E01D35FAC200B6EF95 /* RealmSwift.framework */; };
/* End PBXBuildFile section */

/* Begin PBXContainerItemProxy section */
		B0D699171D035FA2003B4CCD /* PBXContainerItemProxy */ = {
			isa = PBXContainerItemProxy;
			containerPortal = B0D699021D035FA1003B4CCD /* Project object */;
			proxyType = 1;
			remoteGlobalIDString = B0D6990A1D035FA2003B4CCD;
			remoteInfo = FolioReaderKit;
		};
/* End PBXContainerItemProxy section */

/* Begin PBXFileReference section */
		1A1258861D36F8A1004FA9A7 /* FRBook.swift */ = {isa = PBXFileReference; fileEncoding = 4; lastKnownFileType = sourcecode.swift; path = FRBook.swift; sourceTree = "<group>"; };
		1A1258871D36F8A1004FA9A7 /* FREpubParser.swift */ = {isa = PBXFileReference; fileEncoding = 4; lastKnownFileType = sourcecode.swift; path = FREpubParser.swift; sourceTree = "<group>"; };
		1A1258881D36F8A1004FA9A7 /* FRMediaType.swift */ = {isa = PBXFileReference; fileEncoding = 4; lastKnownFileType = sourcecode.swift; path = FRMediaType.swift; sourceTree = "<group>"; };
		1A1258891D36F8A1004FA9A7 /* FRMetadata.swift */ = {isa = PBXFileReference; fileEncoding = 4; lastKnownFileType = sourcecode.swift; path = FRMetadata.swift; sourceTree = "<group>"; };
		1A12588A1D36F8A1004FA9A7 /* FRResource.swift */ = {isa = PBXFileReference; fileEncoding = 4; lastKnownFileType = sourcecode.swift; path = FRResource.swift; sourceTree = "<group>"; };
		1A12588B1D36F8A1004FA9A7 /* FRResources.swift */ = {isa = PBXFileReference; fileEncoding = 4; lastKnownFileType = sourcecode.swift; path = FRResources.swift; sourceTree = "<group>"; };
		1A12588C1D36F8A1004FA9A7 /* FRSmilElement.swift */ = {isa = PBXFileReference; fileEncoding = 4; lastKnownFileType = sourcecode.swift; path = FRSmilElement.swift; sourceTree = "<group>"; };
		1A12588D1D36F8A1004FA9A7 /* FRSmils.swift */ = {isa = PBXFileReference; fileEncoding = 4; lastKnownFileType = sourcecode.swift; path = FRSmils.swift; sourceTree = "<group>"; };
		1A12588E1D36F8A1004FA9A7 /* FRSpine.swift */ = {isa = PBXFileReference; fileEncoding = 4; lastKnownFileType = sourcecode.swift; path = FRSpine.swift; sourceTree = "<group>"; };
		1A12588F1D36F8A1004FA9A7 /* FRTocReference.swift */ = {isa = PBXFileReference; fileEncoding = 4; lastKnownFileType = sourcecode.swift; path = FRTocReference.swift; sourceTree = "<group>"; };
		1A1258901D36F8A1004FA9A7 /* FolioReaderAudioPlayer.swift */ = {isa = PBXFileReference; fileEncoding = 4; lastKnownFileType = sourcecode.swift; path = FolioReaderAudioPlayer.swift; sourceTree = "<group>"; };
		1A1258911D36F8A1004FA9A7 /* FolioReaderCenter.swift */ = {isa = PBXFileReference; fileEncoding = 4; lastKnownFileType = sourcecode.swift; path = FolioReaderCenter.swift; sourceTree = "<group>"; };
		1A1258921D36F8A1004FA9A7 /* FolioReaderConfig.swift */ = {isa = PBXFileReference; fileEncoding = 4; lastKnownFileType = sourcecode.swift; path = FolioReaderConfig.swift; sourceTree = "<group>"; };
		1A1258931D36F8A1004FA9A7 /* FolioReaderContainer.swift */ = {isa = PBXFileReference; fileEncoding = 4; lastKnownFileType = sourcecode.swift; path = FolioReaderContainer.swift; sourceTree = "<group>"; };
		1A1258941D36F8A1004FA9A7 /* FolioReaderFontsMenu.swift */ = {isa = PBXFileReference; fileEncoding = 4; lastKnownFileType = sourcecode.swift; path = FolioReaderFontsMenu.swift; sourceTree = "<group>"; };
		1A1258951D36F8A1004FA9A7 /* FolioReaderHighlightList.swift */ = {isa = PBXFileReference; fileEncoding = 4; lastKnownFileType = sourcecode.swift; path = FolioReaderHighlightList.swift; sourceTree = "<group>"; };
		1A1258961D36F8A1004FA9A7 /* FolioReaderKit.h */ = {isa = PBXFileReference; fileEncoding = 4; lastKnownFileType = sourcecode.c.h; path = FolioReaderKit.h; sourceTree = "<group>"; };
		1A1258971D36F8A1004FA9A7 /* FolioReaderKit.swift */ = {isa = PBXFileReference; fileEncoding = 4; lastKnownFileType = sourcecode.swift; path = FolioReaderKit.swift; sourceTree = "<group>"; };
		1A1258981D36F8A1004FA9A7 /* FolioReaderPage.swift */ = {isa = PBXFileReference; fileEncoding = 4; lastKnownFileType = sourcecode.swift; path = FolioReaderPage.swift; sourceTree = "<group>"; };
		1A1258991D36F8A1004FA9A7 /* FolioReaderPageIndicator.swift */ = {isa = PBXFileReference; fileEncoding = 4; lastKnownFileType = sourcecode.swift; path = FolioReaderPageIndicator.swift; sourceTree = "<group>"; };
		1A12589A1D36F8A1004FA9A7 /* FolioReaderPlayerMenu.swift */ = {isa = PBXFileReference; fileEncoding = 4; lastKnownFileType = sourcecode.swift; path = FolioReaderPlayerMenu.swift; sourceTree = "<group>"; };
		1A12589B1D36F8A1004FA9A7 /* FolioReaderSharingProvider.swift */ = {isa = PBXFileReference; fileEncoding = 4; lastKnownFileType = sourcecode.swift; path = FolioReaderSharingProvider.swift; sourceTree = "<group>"; };
		1A12589C1D36F8A1004FA9A7 /* FolioReaderSidePanel.swift */ = {isa = PBXFileReference; fileEncoding = 4; lastKnownFileType = sourcecode.swift; path = FolioReaderSidePanel.swift; sourceTree = "<group>"; };
		1A12589D1D36F8A1004FA9A7 /* FolioReaderSidePanelCell.swift */ = {isa = PBXFileReference; fileEncoding = 4; lastKnownFileType = sourcecode.swift; path = FolioReaderSidePanelCell.swift; sourceTree = "<group>"; };
		1A12589F1D36F8A1004FA9A7 /* CoreDataManager.swift */ = {isa = PBXFileReference; fileEncoding = 4; lastKnownFileType = sourcecode.swift; path = CoreDataManager.swift; sourceTree = "<group>"; };
		1A1258A11D36F8A1004FA9A7 /* FolioReader.xcdatamodel */ = {isa = PBXFileReference; lastKnownFileType = wrapper.xcdatamodel; path = FolioReader.xcdatamodel; sourceTree = "<group>"; };
		1A1258A21D36F8A1004FA9A7 /* Highlight+Helper.swift */ = {isa = PBXFileReference; fileEncoding = 4; lastKnownFileType = sourcecode.swift; path = "Highlight+Helper.swift"; sourceTree = "<group>"; };
		1A1258A31D36F8A1004FA9A7 /* Highlight+Migration.swift */ = {isa = PBXFileReference; fileEncoding = 4; lastKnownFileType = sourcecode.swift; path = "Highlight+Migration.swift"; sourceTree = "<group>"; };
		1A1258A41D36F8A1004FA9A7 /* Highlight.swift */ = {isa = PBXFileReference; fileEncoding = 4; lastKnownFileType = sourcecode.swift; path = Highlight.swift; sourceTree = "<group>"; };
		1A1258A61D36F8A1004FA9A7 /* Bridge.js */ = {isa = PBXFileReference; fileEncoding = 4; lastKnownFileType = sourcecode.javascript; path = Bridge.js; sourceTree = "<group>"; };
		1A1258A91D36F8A1004FA9A7 /* Andada-Bold.otf */ = {isa = PBXFileReference; lastKnownFileType = file; path = "Andada-Bold.otf"; sourceTree = "<group>"; };
		1A1258AA1D36F8A1004FA9A7 /* Andada-BoldItalic.otf */ = {isa = PBXFileReference; lastKnownFileType = file; path = "Andada-BoldItalic.otf"; sourceTree = "<group>"; };
		1A1258AB1D36F8A1004FA9A7 /* Andada-Italic.otf */ = {isa = PBXFileReference; lastKnownFileType = file; path = "Andada-Italic.otf"; sourceTree = "<group>"; };
		1A1258AC1D36F8A1004FA9A7 /* Andada-Regular.otf */ = {isa = PBXFileReference; lastKnownFileType = file; path = "Andada-Regular.otf"; sourceTree = "<group>"; };
		1A1258AE1D36F8A1004FA9A7 /* Lato-Bold.ttf */ = {isa = PBXFileReference; lastKnownFileType = file; path = "Lato-Bold.ttf"; sourceTree = "<group>"; };
		1A1258AF1D36F8A1004FA9A7 /* Lato-BoldItalic.ttf */ = {isa = PBXFileReference; lastKnownFileType = file; path = "Lato-BoldItalic.ttf"; sourceTree = "<group>"; };
		1A1258B01D36F8A1004FA9A7 /* Lato-Italic.ttf */ = {isa = PBXFileReference; lastKnownFileType = file; path = "Lato-Italic.ttf"; sourceTree = "<group>"; };
		1A1258B11D36F8A1004FA9A7 /* Lato-Regular.ttf */ = {isa = PBXFileReference; lastKnownFileType = file; path = "Lato-Regular.ttf"; sourceTree = "<group>"; };
		1A1258B31D36F8A1004FA9A7 /* Lora-Bold.ttf */ = {isa = PBXFileReference; lastKnownFileType = file; path = "Lora-Bold.ttf"; sourceTree = "<group>"; };
		1A1258B41D36F8A1004FA9A7 /* Lora-BoldItalic.ttf */ = {isa = PBXFileReference; lastKnownFileType = file; path = "Lora-BoldItalic.ttf"; sourceTree = "<group>"; };
		1A1258B51D36F8A1004FA9A7 /* Lora-Italic.ttf */ = {isa = PBXFileReference; lastKnownFileType = file; path = "Lora-Italic.ttf"; sourceTree = "<group>"; };
		1A1258B61D36F8A1004FA9A7 /* Lora-Regular.ttf */ = {isa = PBXFileReference; lastKnownFileType = file; path = "Lora-Regular.ttf"; sourceTree = "<group>"; };
		1A1258B81D36F8A1004FA9A7 /* Raleway-Bold.ttf */ = {isa = PBXFileReference; lastKnownFileType = file; path = "Raleway-Bold.ttf"; sourceTree = "<group>"; };
		1A1258B91D36F8A1004FA9A7 /* Raleway-BoldItalic.ttf */ = {isa = PBXFileReference; lastKnownFileType = file; path = "Raleway-BoldItalic.ttf"; sourceTree = "<group>"; };
		1A1258BA1D36F8A1004FA9A7 /* Raleway-Italic.ttf */ = {isa = PBXFileReference; lastKnownFileType = file; path = "Raleway-Italic.ttf"; sourceTree = "<group>"; };
		1A1258BB1D36F8A1004FA9A7 /* Raleway-Regular.ttf */ = {isa = PBXFileReference; lastKnownFileType = file; path = "Raleway-Regular.ttf"; sourceTree = "<group>"; };
		1A1258BD1D36F8A1004FA9A7 /* blue-marker.png */ = {isa = PBXFileReference; lastKnownFileType = image.png; path = "blue-marker.png"; sourceTree = "<group>"; };
		1A1258BE1D36F8A1004FA9A7 /* blue-marker@2x.png */ = {isa = PBXFileReference; lastKnownFileType = image.png; path = "blue-marker@2x.png"; sourceTree = "<group>"; };
		1A1258BF1D36F8A1004FA9A7 /* btn-navbar-menu.png */ = {isa = PBXFileReference; lastKnownFileType = image.png; path = "btn-navbar-menu.png"; sourceTree = "<group>"; };
		1A1258C01D36F8A1004FA9A7 /* btn-navbar-menu@2x.png */ = {isa = PBXFileReference; lastKnownFileType = image.png; path = "btn-navbar-menu@2x.png"; sourceTree = "<group>"; };
		1A1258C11D36F8A1004FA9A7 /* btn-navbar-menu@3x.png */ = {isa = PBXFileReference; lastKnownFileType = image.png; path = "btn-navbar-menu@3x.png"; sourceTree = "<group>"; };
		1A1258C21D36F8A1004FA9A7 /* btn-navbar-share.png */ = {isa = PBXFileReference; lastKnownFileType = image.png; path = "btn-navbar-share.png"; sourceTree = "<group>"; };
		1A1258C31D36F8A1004FA9A7 /* btn-navbar-share@2x.png */ = {isa = PBXFileReference; lastKnownFileType = image.png; path = "btn-navbar-share@2x.png"; sourceTree = "<group>"; };
		1A1258C41D36F8A1004FA9A7 /* btn-navbar-share@3x.png */ = {isa = PBXFileReference; lastKnownFileType = image.png; path = "btn-navbar-share@3x.png"; sourceTree = "<group>"; };
		1A1258C51D36F8A1004FA9A7 /* colors-marker.png */ = {isa = PBXFileReference; lastKnownFileType = image.png; path = "colors-marker.png"; sourceTree = "<group>"; };
		1A1258C61D36F8A1004FA9A7 /* colors-marker@2x.png */ = {isa = PBXFileReference; lastKnownFileType = image.png; path = "colors-marker@2x.png"; sourceTree = "<group>"; };
		1A1258C71D36F8A1004FA9A7 /* colors-marker@3x.png */ = {isa = PBXFileReference; lastKnownFileType = image.png; path = "colors-marker@3x.png"; sourceTree = "<group>"; };
		1A1258C81D36F8A1004FA9A7 /* green-marker.png */ = {isa = PBXFileReference; lastKnownFileType = image.png; path = "green-marker.png"; sourceTree = "<group>"; };
		1A1258C91D36F8A1004FA9A7 /* green-marker@2x.png */ = {isa = PBXFileReference; lastKnownFileType = image.png; path = "green-marker@2x.png"; sourceTree = "<group>"; };
		1A1258CA1D36F8A1004FA9A7 /* icon-close.png */ = {isa = PBXFileReference; lastKnownFileType = image.png; path = "icon-close.png"; sourceTree = "<group>"; };
		1A1258CB1D36F8A1004FA9A7 /* icon-close@2x.png */ = {isa = PBXFileReference; lastKnownFileType = image.png; path = "icon-close@2x.png"; sourceTree = "<group>"; };
		1A1258CC1D36F8A1004FA9A7 /* icon-close@3x.png */ = {isa = PBXFileReference; lastKnownFileType = image.png; path = "icon-close@3x.png"; sourceTree = "<group>"; };
		1A1258CD1D36F8A1004FA9A7 /* icon-font-big.png */ = {isa = PBXFileReference; lastKnownFileType = image.png; path = "icon-font-big.png"; sourceTree = "<group>"; };
		1A1258CE1D36F8A1004FA9A7 /* icon-font-big@2x.png */ = {isa = PBXFileReference; lastKnownFileType = image.png; path = "icon-font-big@2x.png"; sourceTree = "<group>"; };
		1A1258CF1D36F8A1004FA9A7 /* icon-font-big@3x.png */ = {isa = PBXFileReference; lastKnownFileType = image.png; path = "icon-font-big@3x.png"; sourceTree = "<group>"; };
		1A1258D01D36F8A1004FA9A7 /* icon-font-small.png */ = {isa = PBXFileReference; lastKnownFileType = image.png; path = "icon-font-small.png"; sourceTree = "<group>"; };
		1A1258D11D36F8A1004FA9A7 /* icon-font-small@2x.png */ = {isa = PBXFileReference; lastKnownFileType = image.png; path = "icon-font-small@2x.png"; sourceTree = "<group>"; };
		1A1258D21D36F8A1004FA9A7 /* icon-font-small@3x.png */ = {isa = PBXFileReference; lastKnownFileType = image.png; path = "icon-font-small@3x.png"; sourceTree = "<group>"; };
		1A1258D31D36F8A1004FA9A7 /* icon-font.png */ = {isa = PBXFileReference; lastKnownFileType = image.png; path = "icon-font.png"; sourceTree = "<group>"; };
		1A1258D41D36F8A1004FA9A7 /* icon-font@2x.png */ = {isa = PBXFileReference; lastKnownFileType = image.png; path = "icon-font@2x.png"; sourceTree = "<group>"; };
		1A1258D51D36F8A1004FA9A7 /* icon-font@3x.png */ = {isa = PBXFileReference; lastKnownFileType = image.png; path = "icon-font@3x.png"; sourceTree = "<group>"; };
		1A1258D61D36F8A1004FA9A7 /* icon-highlight.png */ = {isa = PBXFileReference; lastKnownFileType = image.png; path = "icon-highlight.png"; sourceTree = "<group>"; };
		1A1258D71D36F8A1004FA9A7 /* icon-highlight@2x.png */ = {isa = PBXFileReference; lastKnownFileType = image.png; path = "icon-highlight@2x.png"; sourceTree = "<group>"; };
		1A1258D81D36F8A1004FA9A7 /* icon-highlight@3x.png */ = {isa = PBXFileReference; lastKnownFileType = image.png; path = "icon-highlight@3x.png"; sourceTree = "<group>"; };
		1A1258D91D36F8A1004FA9A7 /* icon-moon.png */ = {isa = PBXFileReference; lastKnownFileType = image.png; path = "icon-moon.png"; sourceTree = "<group>"; };
		1A1258DA1D36F8A1004FA9A7 /* icon-moon@2x.png */ = {isa = PBXFileReference; lastKnownFileType = image.png; path = "icon-moon@2x.png"; sourceTree = "<group>"; };
		1A1258DB1D36F8A1004FA9A7 /* icon-moon@3x.png */ = {isa = PBXFileReference; lastKnownFileType = image.png; path = "icon-moon@3x.png"; sourceTree = "<group>"; };
		1A1258DC1D36F8A1004FA9A7 /* icon-search.png */ = {isa = PBXFileReference; lastKnownFileType = image.png; path = "icon-search.png"; sourceTree = "<group>"; };
		1A1258DD1D36F8A1004FA9A7 /* icon-search@2x.png */ = {isa = PBXFileReference; lastKnownFileType = image.png; path = "icon-search@2x.png"; sourceTree = "<group>"; };
		1A1258DE1D36F8A1004FA9A7 /* icon-search@3x.png */ = {isa = PBXFileReference; lastKnownFileType = image.png; path = "icon-search@3x.png"; sourceTree = "<group>"; };
		1A1258DF1D36F8A1004FA9A7 /* icon-sun.png */ = {isa = PBXFileReference; lastKnownFileType = image.png; path = "icon-sun.png"; sourceTree = "<group>"; };
		1A1258E01D36F8A1004FA9A7 /* icon-sun@2x.png */ = {isa = PBXFileReference; lastKnownFileType = image.png; path = "icon-sun@2x.png"; sourceTree = "<group>"; };
		1A1258E11D36F8A1004FA9A7 /* icon-sun@3x.png */ = {isa = PBXFileReference; lastKnownFileType = image.png; path = "icon-sun@3x.png"; sourceTree = "<group>"; };
		1A1258E21D36F8A1004FA9A7 /* icon-volume-high.png */ = {isa = PBXFileReference; lastKnownFileType = image.png; path = "icon-volume-high.png"; sourceTree = "<group>"; };
		1A1258E31D36F8A1004FA9A7 /* icon-volume-high@2x.png */ = {isa = PBXFileReference; lastKnownFileType = image.png; path = "icon-volume-high@2x.png"; sourceTree = "<group>"; };
		1A1258E41D36F8A1004FA9A7 /* icon-volume-high@3x.png */ = {isa = PBXFileReference; lastKnownFileType = image.png; path = "icon-volume-high@3x.png"; sourceTree = "<group>"; };
		1A1258E51D36F8A1004FA9A7 /* knob.png */ = {isa = PBXFileReference; lastKnownFileType = image.png; path = knob.png; sourceTree = "<group>"; };
		1A1258E61D36F8A1004FA9A7 /* knob@2x.png */ = {isa = PBXFileReference; lastKnownFileType = image.png; path = "knob@2x.png"; sourceTree = "<group>"; };
		1A1258E71D36F8A1004FA9A7 /* knob@3x.png */ = {isa = PBXFileReference; lastKnownFileType = image.png; path = "knob@3x.png"; sourceTree = "<group>"; };
		1A1258E81D36F8A1004FA9A7 /* man-speech-icon.png */ = {isa = PBXFileReference; lastKnownFileType = image.png; path = "man-speech-icon.png"; sourceTree = "<group>"; };
		1A1258E91D36F8A1004FA9A7 /* man-speech-icon@2x.png */ = {isa = PBXFileReference; lastKnownFileType = image.png; path = "man-speech-icon@2x.png"; sourceTree = "<group>"; };
		1A1258EA1D36F8A1004FA9A7 /* man-speech-icon@3x.png */ = {isa = PBXFileReference; lastKnownFileType = image.png; path = "man-speech-icon@3x.png"; sourceTree = "<group>"; };
		1A1258EB1D36F8A1004FA9A7 /* next-icon.png */ = {isa = PBXFileReference; lastKnownFileType = image.png; path = "next-icon.png"; sourceTree = "<group>"; };
		1A1258EC1D36F8A1004FA9A7 /* next-icon@2x.png */ = {isa = PBXFileReference; lastKnownFileType = image.png; path = "next-icon@2x.png"; sourceTree = "<group>"; };
		1A1258ED1D36F8A1004FA9A7 /* next-icon@3x.png */ = {isa = PBXFileReference; lastKnownFileType = image.png; path = "next-icon@3x.png"; sourceTree = "<group>"; };
		1A1258EE1D36F8A1004FA9A7 /* no-marker.png */ = {isa = PBXFileReference; lastKnownFileType = image.png; path = "no-marker.png"; sourceTree = "<group>"; };
		1A1258EF1D36F8A1004FA9A7 /* no-marker@2x.png */ = {isa = PBXFileReference; lastKnownFileType = image.png; path = "no-marker@2x.png"; sourceTree = "<group>"; };
		1A1258F01D36F8A1004FA9A7 /* no-marker@3x.png */ = {isa = PBXFileReference; lastKnownFileType = image.png; path = "no-marker@3x.png"; sourceTree = "<group>"; };
		1A1258F11D36F8A1004FA9A7 /* pause-btn.png */ = {isa = PBXFileReference; lastKnownFileType = image.png; path = "pause-btn.png"; sourceTree = "<group>"; };
		1A1258F21D36F8A1004FA9A7 /* pause-btn@2x.png */ = {isa = PBXFileReference; lastKnownFileType = image.png; path = "pause-btn@2x.png"; sourceTree = "<group>"; };
		1A1258F31D36F8A1004FA9A7 /* pause-btn@3x.png */ = {isa = PBXFileReference; lastKnownFileType = image.png; path = "pause-btn@3x.png"; sourceTree = "<group>"; };
		1A1258F41D36F8A1004FA9A7 /* pause-icon.png */ = {isa = PBXFileReference; lastKnownFileType = image.png; path = "pause-icon.png"; sourceTree = "<group>"; };
		1A1258F51D36F8A1004FA9A7 /* pause-icon@2x.png */ = {isa = PBXFileReference; lastKnownFileType = image.png; path = "pause-icon@2x.png"; sourceTree = "<group>"; };
		1A1258F61D36F8A1004FA9A7 /* pause-icon@3x.png */ = {isa = PBXFileReference; lastKnownFileType = image.png; path = "pause-icon@3x.png"; sourceTree = "<group>"; };
		1A1258F71D36F8A1004FA9A7 /* pink-marker.png */ = {isa = PBXFileReference; lastKnownFileType = image.png; path = "pink-marker.png"; sourceTree = "<group>"; };
		1A1258F81D36F8A1004FA9A7 /* pink-marker@2x.png */ = {isa = PBXFileReference; lastKnownFileType = image.png; path = "pink-marker@2x.png"; sourceTree = "<group>"; };
		1A1258F91D36F8A1004FA9A7 /* play-btn.png */ = {isa = PBXFileReference; lastKnownFileType = image.png; path = "play-btn.png"; sourceTree = "<group>"; };
		1A1258FA1D36F8A1004FA9A7 /* play-btn@2x.png */ = {isa = PBXFileReference; lastKnownFileType = image.png; path = "play-btn@2x.png"; sourceTree = "<group>"; };
		1A1258FB1D36F8A1004FA9A7 /* play-btn@3x.png */ = {isa = PBXFileReference; lastKnownFileType = image.png; path = "play-btn@3x.png"; sourceTree = "<group>"; };
		1A1258FC1D36F8A1004FA9A7 /* play-icon.png */ = {isa = PBXFileReference; lastKnownFileType = image.png; path = "play-icon.png"; sourceTree = "<group>"; };
		1A1258FD1D36F8A1004FA9A7 /* play-icon@2x.png */ = {isa = PBXFileReference; lastKnownFileType = image.png; path = "play-icon@2x.png"; sourceTree = "<group>"; };
		1A1258FE1D36F8A1004FA9A7 /* play-icon@3x.png */ = {isa = PBXFileReference; lastKnownFileType = image.png; path = "play-icon@3x.png"; sourceTree = "<group>"; };
		1A1258FF1D36F8A1004FA9A7 /* prev-icon.png */ = {isa = PBXFileReference; lastKnownFileType = image.png; path = "prev-icon.png"; sourceTree = "<group>"; };
		1A1259001D36F8A1004FA9A7 /* prev-icon@2x.png */ = {isa = PBXFileReference; lastKnownFileType = image.png; path = "prev-icon@2x.png"; sourceTree = "<group>"; };
		1A1259011D36F8A1004FA9A7 /* prev-icon@3x.png */ = {isa = PBXFileReference; lastKnownFileType = image.png; path = "prev-icon@3x.png"; sourceTree = "<group>"; };
		1A1259021D36F8A1004FA9A7 /* share-marker.png */ = {isa = PBXFileReference; lastKnownFileType = image.png; path = "share-marker.png"; sourceTree = "<group>"; };
		1A1259031D36F8A1004FA9A7 /* share-marker@2x.png */ = {isa = PBXFileReference; lastKnownFileType = image.png; path = "share-marker@2x.png"; sourceTree = "<group>"; };
		1A1259041D36F8A1004FA9A7 /* share-marker@3x.png */ = {isa = PBXFileReference; lastKnownFileType = image.png; path = "share-marker@3x.png"; sourceTree = "<group>"; };
		1A1259051D36F8A1004FA9A7 /* underline-marker.png */ = {isa = PBXFileReference; lastKnownFileType = image.png; path = "underline-marker.png"; sourceTree = "<group>"; };
		1A1259061D36F8A1004FA9A7 /* underline-marker@2x.png */ = {isa = PBXFileReference; lastKnownFileType = image.png; path = "underline-marker@2x.png"; sourceTree = "<group>"; };
		1A1259071D36F8A1004FA9A7 /* volume-max-icon.png */ = {isa = PBXFileReference; lastKnownFileType = image.png; path = "volume-max-icon.png"; sourceTree = "<group>"; };
		1A1259081D36F8A1004FA9A7 /* volume-max-icon@2x.png */ = {isa = PBXFileReference; lastKnownFileType = image.png; path = "volume-max-icon@2x.png"; sourceTree = "<group>"; };
		1A1259091D36F8A1004FA9A7 /* volume-max-icon@3x.png */ = {isa = PBXFileReference; lastKnownFileType = image.png; path = "volume-max-icon@3x.png"; sourceTree = "<group>"; };
		1A12590A1D36F8A1004FA9A7 /* volume-min-icon.png */ = {isa = PBXFileReference; lastKnownFileType = image.png; path = "volume-min-icon.png"; sourceTree = "<group>"; };
		1A12590B1D36F8A1004FA9A7 /* volume-min-icon@2x.png */ = {isa = PBXFileReference; lastKnownFileType = image.png; path = "volume-min-icon@2x.png"; sourceTree = "<group>"; };
		1A12590C1D36F8A1004FA9A7 /* volume-min-icon@3x.png */ = {isa = PBXFileReference; lastKnownFileType = image.png; path = "volume-min-icon@3x.png"; sourceTree = "<group>"; };
		1A12590D1D36F8A1004FA9A7 /* yellow-marker.png */ = {isa = PBXFileReference; lastKnownFileType = image.png; path = "yellow-marker.png"; sourceTree = "<group>"; };
		1A12590E1D36F8A1004FA9A7 /* yellow-marker@2x.png */ = {isa = PBXFileReference; lastKnownFileType = image.png; path = "yellow-marker@2x.png"; sourceTree = "<group>"; };
		1A12590F1D36F8A1004FA9A7 /* Style.css */ = {isa = PBXFileReference; fileEncoding = 4; lastKnownFileType = text.css; path = Style.css; sourceTree = "<group>"; };
		B0D6990B1D035FA2003B4CCD /* FolioReaderKit.framework */ = {isa = PBXFileReference; explicitFileType = wrapper.framework; includeInIndex = 0; path = FolioReaderKit.framework; sourceTree = BUILT_PRODUCTS_DIR; };
		B0D6990E1D035FA2003B4CCD /* FolioReaderKit.h */ = {isa = PBXFileReference; lastKnownFileType = sourcecode.c.h; path = FolioReaderKit.h; sourceTree = "<group>"; };
		B0D699101D035FA2003B4CCD /* Info.plist */ = {isa = PBXFileReference; lastKnownFileType = text.plist.xml; path = Info.plist; sourceTree = "<group>"; };
		B0D699151D035FA2003B4CCD /* FolioReaderKitTests.xctest */ = {isa = PBXFileReference; explicitFileType = wrapper.cfbundle; includeInIndex = 0; path = FolioReaderKitTests.xctest; sourceTree = BUILT_PRODUCTS_DIR; };
		B0D6991A1D035FA2003B4CCD /* FolioReaderKitTests.swift */ = {isa = PBXFileReference; lastKnownFileType = sourcecode.swift; path = FolioReaderKitTests.swift; sourceTree = "<group>"; };
		B0D6991C1D035FA2003B4CCD /* Info.plist */ = {isa = PBXFileReference; lastKnownFileType = text.plist.xml; path = Info.plist; sourceTree = "<group>"; };
		B0D69C441D0387F7003B4CCD /* HADiscreteSlider.swift */ = {isa = PBXFileReference; fileEncoding = 4; lastKnownFileType = sourcecode.swift; path = HADiscreteSlider.swift; sourceTree = "<group>"; };
		B0D69C461D0387F7003B4CCD /* SMSegment.swift */ = {isa = PBXFileReference; fileEncoding = 4; lastKnownFileType = sourcecode.swift; path = SMSegment.swift; sourceTree = "<group>"; };
		B0D69C471D0387F7003B4CCD /* SMSegmentView.swift */ = {isa = PBXFileReference; fileEncoding = 4; lastKnownFileType = sourcecode.swift; path = SMSegmentView.swift; sourceTree = "<group>"; };
		B0D69CCB1D0388EF003B4CCD /* AEXML.framework */ = {isa = PBXFileReference; lastKnownFileType = wrapper.framework; name = AEXML.framework; path = Carthage/Build/iOS/AEXML.framework; sourceTree = "<group>"; };
		B0D69CCC1D0388EF003B4CCD /* FontBlaster.framework */ = {isa = PBXFileReference; lastKnownFileType = wrapper.framework; name = FontBlaster.framework; path = Carthage/Build/iOS/FontBlaster.framework; sourceTree = "<group>"; };
		B0D69CCD1D0388EF003B4CCD /* JSQWebViewController.framework */ = {isa = PBXFileReference; lastKnownFileType = wrapper.framework; name = JSQWebViewController.framework; path = Carthage/Build/iOS/JSQWebViewController.framework; sourceTree = "<group>"; };
		B0D69CCF1D0388EF003B4CCD /* ZFDragableModalTransition.framework */ = {isa = PBXFileReference; lastKnownFileType = wrapper.framework; name = ZFDragableModalTransition.framework; path = Carthage/Build/iOS/ZFDragableModalTransition.framework; sourceTree = "<group>"; };
		B0D69CD01D0388EF003B4CCD /* ZipArchive.framework */ = {isa = PBXFileReference; lastKnownFileType = wrapper.framework; name = ZipArchive.framework; path = Carthage/Build/iOS/ZipArchive.framework; sourceTree = "<group>"; };
		C581D6DE1D35F46C00B6EF95 /* MenuItemKit.framework */ = {isa = PBXFileReference; lastKnownFileType = wrapper.framework; name = MenuItemKit.framework; path = Carthage/Build/iOS/MenuItemKit.framework; sourceTree = "<group>"; };
		C581D6E01D35FAC200B6EF95 /* RealmSwift.framework */ = {isa = PBXFileReference; lastKnownFileType = wrapper.framework; name = RealmSwift.framework; path = Carthage/Build/iOS/RealmSwift.framework; sourceTree = "<group>"; };
/* End PBXFileReference section */

/* Begin PBXFrameworksBuildPhase section */
		B0D699071D035FA2003B4CCD /* Frameworks */ = {
			isa = PBXFrameworksBuildPhase;
			buildActionMask = 2147483647;
			files = (
				B0D69CD11D0388EF003B4CCD /* AEXML.framework in Frameworks */,
				C581D6DF1D35F46C00B6EF95 /* MenuItemKit.framework in Frameworks */,
				C581D6E11D35FAC200B6EF95 /* RealmSwift.framework in Frameworks */,
				B0D69CD21D0388EF003B4CCD /* FontBlaster.framework in Frameworks */,
				B0D69CD31D0388EF003B4CCD /* JSQWebViewController.framework in Frameworks */,
				B0D69CD51D0388EF003B4CCD /* ZFDragableModalTransition.framework in Frameworks */,
				B0D69CD61D0388EF003B4CCD /* ZipArchive.framework in Frameworks */,
			);
			runOnlyForDeploymentPostprocessing = 0;
		};
		B0D699121D035FA2003B4CCD /* Frameworks */ = {
			isa = PBXFrameworksBuildPhase;
			buildActionMask = 2147483647;
			files = (
				B0D699161D035FA2003B4CCD /* FolioReaderKit.framework in Frameworks */,
			);
			runOnlyForDeploymentPostprocessing = 0;
		};
/* End PBXFrameworksBuildPhase section */

/* Begin PBXGroup section */
		1A1258841D36F8A1004FA9A7 /* Source */ = {
			isa = PBXGroup;
			children = (
				1A1258851D36F8A1004FA9A7 /* EPUBCore */,
				1A1258901D36F8A1004FA9A7 /* FolioReaderAudioPlayer.swift */,
				1A1258911D36F8A1004FA9A7 /* FolioReaderCenter.swift */,
				1A1258921D36F8A1004FA9A7 /* FolioReaderConfig.swift */,
				1A1258931D36F8A1004FA9A7 /* FolioReaderContainer.swift */,
				1A1258941D36F8A1004FA9A7 /* FolioReaderFontsMenu.swift */,
				1A1258951D36F8A1004FA9A7 /* FolioReaderHighlightList.swift */,
				1A1258961D36F8A1004FA9A7 /* FolioReaderKit.h */,
				1A1258971D36F8A1004FA9A7 /* FolioReaderKit.swift */,
				1A1258981D36F8A1004FA9A7 /* FolioReaderPage.swift */,
				1A1258991D36F8A1004FA9A7 /* FolioReaderPageIndicator.swift */,
				1A12589A1D36F8A1004FA9A7 /* FolioReaderPlayerMenu.swift */,
				1A12589B1D36F8A1004FA9A7 /* FolioReaderSharingProvider.swift */,
				1A12589C1D36F8A1004FA9A7 /* FolioReaderSidePanel.swift */,
				1A12589D1D36F8A1004FA9A7 /* FolioReaderSidePanelCell.swift */,
				1A12589E1D36F8A1004FA9A7 /* Models */,
				1A1258A51D36F8A1004FA9A7 /* Resources */,
			);
			path = Source;
			sourceTree = SOURCE_ROOT;
		};
		1A1258851D36F8A1004FA9A7 /* EPUBCore */ = {
			isa = PBXGroup;
			children = (
				1A1258861D36F8A1004FA9A7 /* FRBook.swift */,
				1A1258871D36F8A1004FA9A7 /* FREpubParser.swift */,
				1A1258881D36F8A1004FA9A7 /* FRMediaType.swift */,
				1A1258891D36F8A1004FA9A7 /* FRMetadata.swift */,
				1A12588A1D36F8A1004FA9A7 /* FRResource.swift */,
				1A12588B1D36F8A1004FA9A7 /* FRResources.swift */,
				1A12588C1D36F8A1004FA9A7 /* FRSmilElement.swift */,
				1A12588D1D36F8A1004FA9A7 /* FRSmils.swift */,
				1A12588E1D36F8A1004FA9A7 /* FRSpine.swift */,
				1A12588F1D36F8A1004FA9A7 /* FRTocReference.swift */,
			);
			path = EPUBCore;
			sourceTree = "<group>";
		};
		1A12589E1D36F8A1004FA9A7 /* Models */ = {
			isa = PBXGroup;
			children = (
				1A1258A01D36F8A1004FA9A7 /* FolioReader.xcdatamodeld */,
				1A12589F1D36F8A1004FA9A7 /* CoreDataManager.swift */,
				1A1258A21D36F8A1004FA9A7 /* Highlight+Helper.swift */,
				1A1258A31D36F8A1004FA9A7 /* Highlight+Migration.swift */,
				1A1258A41D36F8A1004FA9A7 /* Highlight.swift */,
			);
			path = Models;
			sourceTree = "<group>";
		};
		1A1258A51D36F8A1004FA9A7 /* Resources */ = {
			isa = PBXGroup;
			children = (
				1A1258A61D36F8A1004FA9A7 /* Bridge.js */,
				1A1258A71D36F8A1004FA9A7 /* Fonts */,
				1A1258BC1D36F8A1004FA9A7 /* Images */,
				1A12590F1D36F8A1004FA9A7 /* Style.css */,
			);
			path = Resources;
			sourceTree = "<group>";
		};
		1A1258A71D36F8A1004FA9A7 /* Fonts */ = {
			isa = PBXGroup;
			children = (
				1A1258A81D36F8A1004FA9A7 /* Andada */,
				1A1258AD1D36F8A1004FA9A7 /* Lato */,
				1A1258B21D36F8A1004FA9A7 /* Lora */,
				1A1258B71D36F8A1004FA9A7 /* Raleway */,
			);
			path = Fonts;
			sourceTree = "<group>";
		};
		1A1258A81D36F8A1004FA9A7 /* Andada */ = {
			isa = PBXGroup;
			children = (
				1A1258A91D36F8A1004FA9A7 /* Andada-Bold.otf */,
				1A1258AA1D36F8A1004FA9A7 /* Andada-BoldItalic.otf */,
				1A1258AB1D36F8A1004FA9A7 /* Andada-Italic.otf */,
				1A1258AC1D36F8A1004FA9A7 /* Andada-Regular.otf */,
			);
			path = Andada;
			sourceTree = "<group>";
		};
		1A1258AD1D36F8A1004FA9A7 /* Lato */ = {
			isa = PBXGroup;
			children = (
				1A1258AE1D36F8A1004FA9A7 /* Lato-Bold.ttf */,
				1A1258AF1D36F8A1004FA9A7 /* Lato-BoldItalic.ttf */,
				1A1258B01D36F8A1004FA9A7 /* Lato-Italic.ttf */,
				1A1258B11D36F8A1004FA9A7 /* Lato-Regular.ttf */,
			);
			path = Lato;
			sourceTree = "<group>";
		};
		1A1258B21D36F8A1004FA9A7 /* Lora */ = {
			isa = PBXGroup;
			children = (
				1A1258B31D36F8A1004FA9A7 /* Lora-Bold.ttf */,
				1A1258B41D36F8A1004FA9A7 /* Lora-BoldItalic.ttf */,
				1A1258B51D36F8A1004FA9A7 /* Lora-Italic.ttf */,
				1A1258B61D36F8A1004FA9A7 /* Lora-Regular.ttf */,
			);
			path = Lora;
			sourceTree = "<group>";
		};
		1A1258B71D36F8A1004FA9A7 /* Raleway */ = {
			isa = PBXGroup;
			children = (
				1A1258B81D36F8A1004FA9A7 /* Raleway-Bold.ttf */,
				1A1258B91D36F8A1004FA9A7 /* Raleway-BoldItalic.ttf */,
				1A1258BA1D36F8A1004FA9A7 /* Raleway-Italic.ttf */,
				1A1258BB1D36F8A1004FA9A7 /* Raleway-Regular.ttf */,
			);
			path = Raleway;
			sourceTree = "<group>";
		};
		1A1258BC1D36F8A1004FA9A7 /* Images */ = {
			isa = PBXGroup;
			children = (
				1A1258BD1D36F8A1004FA9A7 /* blue-marker.png */,
				1A1258BE1D36F8A1004FA9A7 /* blue-marker@2x.png */,
				1A1258BF1D36F8A1004FA9A7 /* btn-navbar-menu.png */,
				1A1258C01D36F8A1004FA9A7 /* btn-navbar-menu@2x.png */,
				1A1258C11D36F8A1004FA9A7 /* btn-navbar-menu@3x.png */,
				1A1258C21D36F8A1004FA9A7 /* btn-navbar-share.png */,
				1A1258C31D36F8A1004FA9A7 /* btn-navbar-share@2x.png */,
				1A1258C41D36F8A1004FA9A7 /* btn-navbar-share@3x.png */,
				1A1258C51D36F8A1004FA9A7 /* colors-marker.png */,
				1A1258C61D36F8A1004FA9A7 /* colors-marker@2x.png */,
				1A1258C71D36F8A1004FA9A7 /* colors-marker@3x.png */,
				1A1258C81D36F8A1004FA9A7 /* green-marker.png */,
				1A1258C91D36F8A1004FA9A7 /* green-marker@2x.png */,
				1A1258CA1D36F8A1004FA9A7 /* icon-close.png */,
				1A1258CB1D36F8A1004FA9A7 /* icon-close@2x.png */,
				1A1258CC1D36F8A1004FA9A7 /* icon-close@3x.png */,
				1A1258CD1D36F8A1004FA9A7 /* icon-font-big.png */,
				1A1258CE1D36F8A1004FA9A7 /* icon-font-big@2x.png */,
				1A1258CF1D36F8A1004FA9A7 /* icon-font-big@3x.png */,
				1A1258D01D36F8A1004FA9A7 /* icon-font-small.png */,
				1A1258D11D36F8A1004FA9A7 /* icon-font-small@2x.png */,
				1A1258D21D36F8A1004FA9A7 /* icon-font-small@3x.png */,
				1A1258D31D36F8A1004FA9A7 /* icon-font.png */,
				1A1258D41D36F8A1004FA9A7 /* icon-font@2x.png */,
				1A1258D51D36F8A1004FA9A7 /* icon-font@3x.png */,
				1A1258D61D36F8A1004FA9A7 /* icon-highlight.png */,
				1A1258D71D36F8A1004FA9A7 /* icon-highlight@2x.png */,
				1A1258D81D36F8A1004FA9A7 /* icon-highlight@3x.png */,
				1A1258D91D36F8A1004FA9A7 /* icon-moon.png */,
				1A1258DA1D36F8A1004FA9A7 /* icon-moon@2x.png */,
				1A1258DB1D36F8A1004FA9A7 /* icon-moon@3x.png */,
				1A1258DC1D36F8A1004FA9A7 /* icon-search.png */,
				1A1258DD1D36F8A1004FA9A7 /* icon-search@2x.png */,
				1A1258DE1D36F8A1004FA9A7 /* icon-search@3x.png */,
				1A1258DF1D36F8A1004FA9A7 /* icon-sun.png */,
				1A1258E01D36F8A1004FA9A7 /* icon-sun@2x.png */,
				1A1258E11D36F8A1004FA9A7 /* icon-sun@3x.png */,
				1A1258E21D36F8A1004FA9A7 /* icon-volume-high.png */,
				1A1258E31D36F8A1004FA9A7 /* icon-volume-high@2x.png */,
				1A1258E41D36F8A1004FA9A7 /* icon-volume-high@3x.png */,
				1A1258E51D36F8A1004FA9A7 /* knob.png */,
				1A1258E61D36F8A1004FA9A7 /* knob@2x.png */,
				1A1258E71D36F8A1004FA9A7 /* knob@3x.png */,
				1A1258E81D36F8A1004FA9A7 /* man-speech-icon.png */,
				1A1258E91D36F8A1004FA9A7 /* man-speech-icon@2x.png */,
				1A1258EA1D36F8A1004FA9A7 /* man-speech-icon@3x.png */,
				1A1258EB1D36F8A1004FA9A7 /* next-icon.png */,
				1A1258EC1D36F8A1004FA9A7 /* next-icon@2x.png */,
				1A1258ED1D36F8A1004FA9A7 /* next-icon@3x.png */,
				1A1258EE1D36F8A1004FA9A7 /* no-marker.png */,
				1A1258EF1D36F8A1004FA9A7 /* no-marker@2x.png */,
				1A1258F01D36F8A1004FA9A7 /* no-marker@3x.png */,
				1A1258F11D36F8A1004FA9A7 /* pause-btn.png */,
				1A1258F21D36F8A1004FA9A7 /* pause-btn@2x.png */,
				1A1258F31D36F8A1004FA9A7 /* pause-btn@3x.png */,
				1A1258F41D36F8A1004FA9A7 /* pause-icon.png */,
				1A1258F51D36F8A1004FA9A7 /* pause-icon@2x.png */,
				1A1258F61D36F8A1004FA9A7 /* pause-icon@3x.png */,
				1A1258F71D36F8A1004FA9A7 /* pink-marker.png */,
				1A1258F81D36F8A1004FA9A7 /* pink-marker@2x.png */,
				1A1258F91D36F8A1004FA9A7 /* play-btn.png */,
				1A1258FA1D36F8A1004FA9A7 /* play-btn@2x.png */,
				1A1258FB1D36F8A1004FA9A7 /* play-btn@3x.png */,
				1A1258FC1D36F8A1004FA9A7 /* play-icon.png */,
				1A1258FD1D36F8A1004FA9A7 /* play-icon@2x.png */,
				1A1258FE1D36F8A1004FA9A7 /* play-icon@3x.png */,
				1A1258FF1D36F8A1004FA9A7 /* prev-icon.png */,
				1A1259001D36F8A1004FA9A7 /* prev-icon@2x.png */,
				1A1259011D36F8A1004FA9A7 /* prev-icon@3x.png */,
				1A1259021D36F8A1004FA9A7 /* share-marker.png */,
				1A1259031D36F8A1004FA9A7 /* share-marker@2x.png */,
				1A1259041D36F8A1004FA9A7 /* share-marker@3x.png */,
				1A1259051D36F8A1004FA9A7 /* underline-marker.png */,
				1A1259061D36F8A1004FA9A7 /* underline-marker@2x.png */,
				1A1259071D36F8A1004FA9A7 /* volume-max-icon.png */,
				1A1259081D36F8A1004FA9A7 /* volume-max-icon@2x.png */,
				1A1259091D36F8A1004FA9A7 /* volume-max-icon@3x.png */,
				1A12590A1D36F8A1004FA9A7 /* volume-min-icon.png */,
				1A12590B1D36F8A1004FA9A7 /* volume-min-icon@2x.png */,
				1A12590C1D36F8A1004FA9A7 /* volume-min-icon@3x.png */,
				1A12590D1D36F8A1004FA9A7 /* yellow-marker.png */,
				1A12590E1D36F8A1004FA9A7 /* yellow-marker@2x.png */,
			);
			path = Images;
			sourceTree = "<group>";
		};
		B0D699011D035FA1003B4CCD = {
			isa = PBXGroup;
			children = (
				B0D6990D1D035FA2003B4CCD /* FolioReaderKit */,
				B0D699191D035FA2003B4CCD /* FolioReaderKitTests */,
				B0D6990C1D035FA2003B4CCD /* Products */,
			);
			sourceTree = "<group>";
		};
		B0D6990C1D035FA2003B4CCD /* Products */ = {
			isa = PBXGroup;
			children = (
				B0D6990B1D035FA2003B4CCD /* FolioReaderKit.framework */,
				B0D699151D035FA2003B4CCD /* FolioReaderKitTests.xctest */,
			);
			name = Products;
			sourceTree = "<group>";
		};
		B0D6990D1D035FA2003B4CCD /* FolioReaderKit */ = {
			isa = PBXGroup;
			children = (
				1A1258841D36F8A1004FA9A7 /* Source */,
				B0D69C421D0387F7003B4CCD /* Vendor */,
				B0D69B501D0365AC003B4CCD /* Frameworks */,
				B0D6990E1D035FA2003B4CCD /* FolioReaderKit.h */,
				B0D699101D035FA2003B4CCD /* Info.plist */,
			);
			path = FolioReaderKit;
			sourceTree = "<group>";
		};
		B0D699191D035FA2003B4CCD /* FolioReaderKitTests */ = {
			isa = PBXGroup;
			children = (
				B0D6991A1D035FA2003B4CCD /* FolioReaderKitTests.swift */,
				B0D6991C1D035FA2003B4CCD /* Info.plist */,
			);
			path = FolioReaderKitTests;
			sourceTree = "<group>";
		};
		B0D69B501D0365AC003B4CCD /* Frameworks */ = {
			isa = PBXGroup;
			children = (
				B0D69CCB1D0388EF003B4CCD /* AEXML.framework */,
				B0D69CCC1D0388EF003B4CCD /* FontBlaster.framework */,
				B0D69CCD1D0388EF003B4CCD /* JSQWebViewController.framework */,
				B0D69CCF1D0388EF003B4CCD /* ZFDragableModalTransition.framework */,
				B0D69CD01D0388EF003B4CCD /* ZipArchive.framework */,
				C581D6DE1D35F46C00B6EF95 /* MenuItemKit.framework */,
				C581D6E01D35FAC200B6EF95 /* RealmSwift.framework */,
			);
			name = Frameworks;
			path = ..;
			sourceTree = "<group>";
		};
		B0D69C421D0387F7003B4CCD /* Vendor */ = {
			isa = PBXGroup;
			children = (
				B0D69C431D0387F7003B4CCD /* HAControls */,
				B0D69C451D0387F7003B4CCD /* SMSegmentView */,
			);
			path = Vendor;
			sourceTree = SOURCE_ROOT;
		};
		B0D69C431D0387F7003B4CCD /* HAControls */ = {
			isa = PBXGroup;
			children = (
				B0D69C441D0387F7003B4CCD /* HADiscreteSlider.swift */,
			);
			path = HAControls;
			sourceTree = "<group>";
		};
		B0D69C451D0387F7003B4CCD /* SMSegmentView */ = {
			isa = PBXGroup;
			children = (
				B0D69C461D0387F7003B4CCD /* SMSegment.swift */,
				B0D69C471D0387F7003B4CCD /* SMSegmentView.swift */,
			);
			path = SMSegmentView;
			sourceTree = "<group>";
		};
/* End PBXGroup section */

/* Begin PBXHeadersBuildPhase section */
		B0D699081D035FA2003B4CCD /* Headers */ = {
			isa = PBXHeadersBuildPhase;
			buildActionMask = 2147483647;
			files = (
				1A1259201D36F8A1004FA9A7 /* FolioReaderKit.h in Headers */,
				B0D6990F1D035FA2003B4CCD /* FolioReaderKit.h in Headers */,
			);
			runOnlyForDeploymentPostprocessing = 0;
		};
/* End PBXHeadersBuildPhase section */

/* Begin PBXNativeTarget section */
		B0D6990A1D035FA2003B4CCD /* FolioReaderKit */ = {
			isa = PBXNativeTarget;
			buildConfigurationList = B0D6991F1D035FA2003B4CCD /* Build configuration list for PBXNativeTarget "FolioReaderKit" */;
			buildPhases = (
				B0D699061D035FA2003B4CCD /* Sources */,
				B0D699071D035FA2003B4CCD /* Frameworks */,
				B0D699081D035FA2003B4CCD /* Headers */,
				B0D699091D035FA2003B4CCD /* Resources */,
			);
			buildRules = (
			);
			dependencies = (
			);
			name = FolioReaderKit;
			productName = FolioReaderKit;
			productReference = B0D6990B1D035FA2003B4CCD /* FolioReaderKit.framework */;
			productType = "com.apple.product-type.framework";
		};
		B0D699141D035FA2003B4CCD /* FolioReaderKitTests */ = {
			isa = PBXNativeTarget;
			buildConfigurationList = B0D699221D035FA2003B4CCD /* Build configuration list for PBXNativeTarget "FolioReaderKitTests" */;
			buildPhases = (
				B0D699111D035FA2003B4CCD /* Sources */,
				B0D699121D035FA2003B4CCD /* Frameworks */,
				B0D699131D035FA2003B4CCD /* Resources */,
			);
			buildRules = (
			);
			dependencies = (
				B0D699181D035FA2003B4CCD /* PBXTargetDependency */,
			);
			name = FolioReaderKitTests;
			productName = FolioReaderKitTests;
			productReference = B0D699151D035FA2003B4CCD /* FolioReaderKitTests.xctest */;
			productType = "com.apple.product-type.bundle.unit-test";
		};
/* End PBXNativeTarget section */

/* Begin PBXProject section */
		B0D699021D035FA1003B4CCD /* Project object */ = {
			isa = PBXProject;
			attributes = {
				LastSwiftUpdateCheck = 0730;
				LastUpgradeCheck = 0730;
				ORGANIZATIONNAME = FolioReader;
				TargetAttributes = {
					B0D6990A1D035FA2003B4CCD = {
						CreatedOnToolsVersion = 7.3.1;
					};
					B0D699141D035FA2003B4CCD = {
						CreatedOnToolsVersion = 7.3.1;
					};
				};
			};
			buildConfigurationList = B0D699051D035FA1003B4CCD /* Build configuration list for PBXProject "FolioReaderKit" */;
			compatibilityVersion = "Xcode 3.2";
			developmentRegion = English;
			hasScannedForEncodings = 0;
			knownRegions = (
				en,
			);
			mainGroup = B0D699011D035FA1003B4CCD;
			productRefGroup = B0D6990C1D035FA2003B4CCD /* Products */;
			projectDirPath = "";
			projectRoot = "";
			targets = (
				B0D6990A1D035FA2003B4CCD /* FolioReaderKit */,
				B0D699141D035FA2003B4CCD /* FolioReaderKitTests */,
			);
		};
/* End PBXProject section */

/* Begin PBXResourcesBuildPhase section */
		B0D699091D035FA2003B4CCD /* Resources */ = {
			isa = PBXResourcesBuildPhase;
			buildActionMask = 2147483647;
			files = (
				1A1259381D36F8A1004FA9A7 /* Lora-Italic.ttf in Resources */,
				1A1259631D36F8A1004FA9A7 /* icon-volume-high.png in Resources */,
				1A12596F1D36F8A1004FA9A7 /* no-marker.png in Resources */,
				1A1259511D36F8A1004FA9A7 /* icon-font-small.png in Resources */,
				1A12594D1D36F8A1004FA9A7 /* icon-close@3x.png in Resources */,
				1A12595D1D36F8A1004FA9A7 /* icon-search.png in Resources */,
				1A1259301D36F8A1004FA9A7 /* Andada-Italic.otf in Resources */,
				1A12593D1D36F8A1004FA9A7 /* Raleway-Regular.ttf in Resources */,
				1A1259751D36F8A1004FA9A7 /* pause-icon.png in Resources */,
				1A1259661D36F8A1004FA9A7 /* knob.png in Resources */,
				1A12595A1D36F8A1004FA9A7 /* icon-moon.png in Resources */,
				1A1259691D36F8A1004FA9A7 /* man-speech-icon.png in Resources */,
				1A1259761D36F8A1004FA9A7 /* pause-icon@2x.png in Resources */,
				1A1259821D36F8A1004FA9A7 /* prev-icon@3x.png in Resources */,
				1A12593F1D36F8A1004FA9A7 /* blue-marker@2x.png in Resources */,
				1A1259881D36F8A1004FA9A7 /* volume-max-icon.png in Resources */,
				1A1259391D36F8A1004FA9A7 /* Lora-Regular.ttf in Resources */,
				1A1259781D36F8A1004FA9A7 /* pink-marker.png in Resources */,
				1A1259321D36F8A1004FA9A7 /* Lato-Bold.ttf in Resources */,
				1A1259521D36F8A1004FA9A7 /* icon-font-small@2x.png in Resources */,
				1A1259311D36F8A1004FA9A7 /* Andada-Regular.otf in Resources */,
				1A12594F1D36F8A1004FA9A7 /* icon-font-big@2x.png in Resources */,
				1A1259851D36F8A1004FA9A7 /* share-marker@3x.png in Resources */,
				1A12597C1D36F8A1004FA9A7 /* play-btn@3x.png in Resources */,
				1A12597A1D36F8A1004FA9A7 /* play-btn.png in Resources */,
				1A1259701D36F8A1004FA9A7 /* no-marker@2x.png in Resources */,
				1A12594E1D36F8A1004FA9A7 /* icon-font-big.png in Resources */,
				1A1259361D36F8A1004FA9A7 /* Lora-Bold.ttf in Resources */,
				1A12593C1D36F8A1004FA9A7 /* Raleway-Italic.ttf in Resources */,
				1A1259571D36F8A1004FA9A7 /* icon-highlight.png in Resources */,
				1A1259651D36F8A1004FA9A7 /* icon-volume-high@3x.png in Resources */,
				1A1259811D36F8A1004FA9A7 /* prev-icon@2x.png in Resources */,
				1A12596C1D36F8A1004FA9A7 /* next-icon.png in Resources */,
				1A1259431D36F8A1004FA9A7 /* btn-navbar-share.png in Resources */,
				1A1259581D36F8A1004FA9A7 /* icon-highlight@2x.png in Resources */,
				1A12595F1D36F8A1004FA9A7 /* icon-search@3x.png in Resources */,
				1A1259411D36F8A1004FA9A7 /* btn-navbar-menu@2x.png in Resources */,
				1A1259481D36F8A1004FA9A7 /* colors-marker@3x.png in Resources */,
				1A1259641D36F8A1004FA9A7 /* icon-volume-high@2x.png in Resources */,
				1A1259591D36F8A1004FA9A7 /* icon-highlight@3x.png in Resources */,
				1A12592D1D36F8A1004FA9A7 /* Bridge.js in Resources */,
				1A1259731D36F8A1004FA9A7 /* pause-btn@2x.png in Resources */,
				1A1259421D36F8A1004FA9A7 /* btn-navbar-menu@3x.png in Resources */,
				1A1259461D36F8A1004FA9A7 /* colors-marker.png in Resources */,
				1A12593A1D36F8A1004FA9A7 /* Raleway-Bold.ttf in Resources */,
				1A1259351D36F8A1004FA9A7 /* Lato-Regular.ttf in Resources */,
				1A12593E1D36F8A1004FA9A7 /* blue-marker.png in Resources */,
				1A1259721D36F8A1004FA9A7 /* pause-btn.png in Resources */,
				1A12597F1D36F8A1004FA9A7 /* play-icon@3x.png in Resources */,
				1A1259901D36F8A1004FA9A7 /* Style.css in Resources */,
				1A12592E1D36F8A1004FA9A7 /* Andada-Bold.otf in Resources */,
				1A1259531D36F8A1004FA9A7 /* icon-font-small@3x.png in Resources */,
				1A1259621D36F8A1004FA9A7 /* icon-sun@3x.png in Resources */,
				1A1259501D36F8A1004FA9A7 /* icon-font-big@3x.png in Resources */,
				1A12598A1D36F8A1004FA9A7 /* volume-max-icon@3x.png in Resources */,
				1A12595E1D36F8A1004FA9A7 /* icon-search@2x.png in Resources */,
				1A1259831D36F8A1004FA9A7 /* share-marker.png in Resources */,
				1A1259331D36F8A1004FA9A7 /* Lato-BoldItalic.ttf in Resources */,
				1A1259611D36F8A1004FA9A7 /* icon-sun@2x.png in Resources */,
				1A12595B1D36F8A1004FA9A7 /* icon-moon@2x.png in Resources */,
				1A12597D1D36F8A1004FA9A7 /* play-icon.png in Resources */,
				1A12597B1D36F8A1004FA9A7 /* play-btn@2x.png in Resources */,
				1A1259341D36F8A1004FA9A7 /* Lato-Italic.ttf in Resources */,
				1A1259711D36F8A1004FA9A7 /* no-marker@3x.png in Resources */,
				1A12593B1D36F8A1004FA9A7 /* Raleway-BoldItalic.ttf in Resources */,
				1A1259891D36F8A1004FA9A7 /* volume-max-icon@2x.png in Resources */,
				1A12596E1D36F8A1004FA9A7 /* next-icon@3x.png in Resources */,
				1A12594A1D36F8A1004FA9A7 /* green-marker@2x.png in Resources */,
				1A12598B1D36F8A1004FA9A7 /* volume-min-icon.png in Resources */,
				1A1259471D36F8A1004FA9A7 /* colors-marker@2x.png in Resources */,
				1A1259771D36F8A1004FA9A7 /* pause-icon@3x.png in Resources */,
				1A1259871D36F8A1004FA9A7 /* underline-marker@2x.png in Resources */,
				1A1259861D36F8A1004FA9A7 /* underline-marker.png in Resources */,
				1A12596A1D36F8A1004FA9A7 /* man-speech-icon@2x.png in Resources */,
				1A1259801D36F8A1004FA9A7 /* prev-icon.png in Resources */,
				1A12592F1D36F8A1004FA9A7 /* Andada-BoldItalic.otf in Resources */,
				1A1259491D36F8A1004FA9A7 /* green-marker.png in Resources */,
				1A1259681D36F8A1004FA9A7 /* knob@3x.png in Resources */,
				1A12598F1D36F8A1004FA9A7 /* yellow-marker@2x.png in Resources */,
				1A12598D1D36F8A1004FA9A7 /* volume-min-icon@3x.png in Resources */,
				1A12594C1D36F8A1004FA9A7 /* icon-close@2x.png in Resources */,
				1A1259791D36F8A1004FA9A7 /* pink-marker@2x.png in Resources */,
				1A12596B1D36F8A1004FA9A7 /* man-speech-icon@3x.png in Resources */,
				1A1259671D36F8A1004FA9A7 /* knob@2x.png in Resources */,
				1A1259841D36F8A1004FA9A7 /* share-marker@2x.png in Resources */,
				1A12598C1D36F8A1004FA9A7 /* volume-min-icon@2x.png in Resources */,
				1A1259371D36F8A1004FA9A7 /* Lora-BoldItalic.ttf in Resources */,
				1A1259551D36F8A1004FA9A7 /* icon-font@2x.png in Resources */,
				1A1259401D36F8A1004FA9A7 /* btn-navbar-menu.png in Resources */,
				1A1259561D36F8A1004FA9A7 /* icon-font@3x.png in Resources */,
				1A1259451D36F8A1004FA9A7 /* btn-navbar-share@3x.png in Resources */,
				1A12598E1D36F8A1004FA9A7 /* yellow-marker.png in Resources */,
				1A1259601D36F8A1004FA9A7 /* icon-sun.png in Resources */,
				1A12596D1D36F8A1004FA9A7 /* next-icon@2x.png in Resources */,
				1A1259541D36F8A1004FA9A7 /* icon-font.png in Resources */,
				1A12595C1D36F8A1004FA9A7 /* icon-moon@3x.png in Resources */,
				1A1259741D36F8A1004FA9A7 /* pause-btn@3x.png in Resources */,
				1A1259441D36F8A1004FA9A7 /* btn-navbar-share@2x.png in Resources */,
				1A12594B1D36F8A1004FA9A7 /* icon-close.png in Resources */,
				1A12597E1D36F8A1004FA9A7 /* play-icon@2x.png in Resources */,
			);
			runOnlyForDeploymentPostprocessing = 0;
		};
		B0D699131D035FA2003B4CCD /* Resources */ = {
			isa = PBXResourcesBuildPhase;
			buildActionMask = 2147483647;
			files = (
			);
			runOnlyForDeploymentPostprocessing = 0;
		};
/* End PBXResourcesBuildPhase section */

/* Begin PBXSourcesBuildPhase section */
		B0D699061D035FA2003B4CCD /* Sources */ = {
			isa = PBXSourcesBuildPhase;
			buildActionMask = 2147483647;
			files = (
				1A12591E1D36F8A1004FA9A7 /* FolioReaderFontsMenu.swift in Sources */,
				B0D69CC91D0387F7003B4CCD /* SMSegment.swift in Sources */,
				B0D69CCA1D0387F7003B4CCD /* SMSegmentView.swift in Sources */,
				1A1259111D36F8A1004FA9A7 /* FREpubParser.swift in Sources */,
				1A1259291D36F8A1004FA9A7 /* FolioReader.xcdatamodeld in Sources */,
				1A12591B1D36F8A1004FA9A7 /* FolioReaderCenter.swift in Sources */,
				1A12591C1D36F8A1004FA9A7 /* FolioReaderConfig.swift in Sources */,
				1A1259281D36F8A1004FA9A7 /* CoreDataManager.swift in Sources */,
				1A1259171D36F8A1004FA9A7 /* FRSmils.swift in Sources */,
				1A12592A1D36F8A1004FA9A7 /* Highlight+Helper.swift in Sources */,
				1A1259231D36F8A1004FA9A7 /* FolioReaderPageIndicator.swift in Sources */,
				1A1259161D36F8A1004FA9A7 /* FRSmilElement.swift in Sources */,
				1A1259141D36F8A1004FA9A7 /* FRResource.swift in Sources */,
				1A12591D1D36F8A1004FA9A7 /* FolioReaderContainer.swift in Sources */,
				1A12591A1D36F8A1004FA9A7 /* FolioReaderAudioPlayer.swift in Sources */,
				1A12592C1D36F8A1004FA9A7 /* Highlight.swift in Sources */,
				1A1259271D36F8A1004FA9A7 /* FolioReaderSidePanelCell.swift in Sources */,
				1A1259191D36F8A1004FA9A7 /* FRTocReference.swift in Sources */,
				1A12591F1D36F8A1004FA9A7 /* FolioReaderHighlightList.swift in Sources */,
				1A1259101D36F8A1004FA9A7 /* FRBook.swift in Sources */,
				1A1259241D36F8A1004FA9A7 /* FolioReaderPlayerMenu.swift in Sources */,
				1A1259131D36F8A1004FA9A7 /* FRMetadata.swift in Sources */,
				1A1259211D36F8A1004FA9A7 /* FolioReaderKit.swift in Sources */,
				1A1259261D36F8A1004FA9A7 /* FolioReaderSidePanel.swift in Sources */,
				1A1259221D36F8A1004FA9A7 /* FolioReaderPage.swift in Sources */,
				1A1259121D36F8A1004FA9A7 /* FRMediaType.swift in Sources */,
				1A12592B1D36F8A1004FA9A7 /* Highlight+Migration.swift in Sources */,
				1A1259251D36F8A1004FA9A7 /* FolioReaderSharingProvider.swift in Sources */,
				B0D69CC81D0387F7003B4CCD /* HADiscreteSlider.swift in Sources */,
				1A1259151D36F8A1004FA9A7 /* FRResources.swift in Sources */,
				1A1259181D36F8A1004FA9A7 /* FRSpine.swift in Sources */,
			);
			runOnlyForDeploymentPostprocessing = 0;
		};
		B0D699111D035FA2003B4CCD /* Sources */ = {
			isa = PBXSourcesBuildPhase;
			buildActionMask = 2147483647;
			files = (
				B0D6991B1D035FA2003B4CCD /* FolioReaderKitTests.swift in Sources */,
			);
			runOnlyForDeploymentPostprocessing = 0;
		};
/* End PBXSourcesBuildPhase section */

/* Begin PBXTargetDependency section */
		B0D699181D035FA2003B4CCD /* PBXTargetDependency */ = {
			isa = PBXTargetDependency;
			target = B0D6990A1D035FA2003B4CCD /* FolioReaderKit */;
			targetProxy = B0D699171D035FA2003B4CCD /* PBXContainerItemProxy */;
		};
/* End PBXTargetDependency section */

/* Begin XCBuildConfiguration section */
		B0D6991D1D035FA2003B4CCD /* Debug */ = {
			isa = XCBuildConfiguration;
			buildSettings = {
				ALWAYS_SEARCH_USER_PATHS = NO;
				CLANG_ANALYZER_NONNULL = YES;
				CLANG_CXX_LANGUAGE_STANDARD = "gnu++0x";
				CLANG_CXX_LIBRARY = "libc++";
				CLANG_ENABLE_MODULES = YES;
				CLANG_ENABLE_OBJC_ARC = YES;
				CLANG_WARN_BOOL_CONVERSION = YES;
				CLANG_WARN_CONSTANT_CONVERSION = YES;
				CLANG_WARN_DIRECT_OBJC_ISA_USAGE = YES_ERROR;
				CLANG_WARN_EMPTY_BODY = YES;
				CLANG_WARN_ENUM_CONVERSION = YES;
				CLANG_WARN_INT_CONVERSION = YES;
				CLANG_WARN_OBJC_ROOT_CLASS = YES_ERROR;
				CLANG_WARN_UNREACHABLE_CODE = YES;
				CLANG_WARN__DUPLICATE_METHOD_MATCH = YES;
				"CODE_SIGN_IDENTITY[sdk=iphoneos*]" = "iPhone Developer";
				COPY_PHASE_STRIP = NO;
				CURRENT_PROJECT_VERSION = 1;
				DEBUG_INFORMATION_FORMAT = dwarf;
				ENABLE_STRICT_OBJC_MSGSEND = YES;
				ENABLE_TESTABILITY = YES;
				GCC_C_LANGUAGE_STANDARD = gnu99;
				GCC_DYNAMIC_NO_PIC = NO;
				GCC_NO_COMMON_BLOCKS = YES;
				GCC_OPTIMIZATION_LEVEL = 0;
				GCC_PREPROCESSOR_DEFINITIONS = (
					"DEBUG=1",
					"$(inherited)",
				);
				GCC_WARN_64_TO_32_BIT_CONVERSION = YES;
				GCC_WARN_ABOUT_RETURN_TYPE = YES_ERROR;
				GCC_WARN_UNDECLARED_SELECTOR = YES;
				GCC_WARN_UNINITIALIZED_AUTOS = YES_AGGRESSIVE;
				GCC_WARN_UNUSED_FUNCTION = YES;
				GCC_WARN_UNUSED_VARIABLE = YES;
				IPHONEOS_DEPLOYMENT_TARGET = 9.3;
				MTL_ENABLE_DEBUG_INFO = YES;
				ONLY_ACTIVE_ARCH = YES;
				SDKROOT = iphoneos;
				SWIFT_OPTIMIZATION_LEVEL = "-Onone";
				TARGETED_DEVICE_FAMILY = "1,2";
				VERSIONING_SYSTEM = "apple-generic";
				VERSION_INFO_PREFIX = "";
			};
			name = Debug;
		};
		B0D6991E1D035FA2003B4CCD /* Release */ = {
			isa = XCBuildConfiguration;
			buildSettings = {
				ALWAYS_SEARCH_USER_PATHS = NO;
				CLANG_ANALYZER_NONNULL = YES;
				CLANG_CXX_LANGUAGE_STANDARD = "gnu++0x";
				CLANG_CXX_LIBRARY = "libc++";
				CLANG_ENABLE_MODULES = YES;
				CLANG_ENABLE_OBJC_ARC = YES;
				CLANG_WARN_BOOL_CONVERSION = YES;
				CLANG_WARN_CONSTANT_CONVERSION = YES;
				CLANG_WARN_DIRECT_OBJC_ISA_USAGE = YES_ERROR;
				CLANG_WARN_EMPTY_BODY = YES;
				CLANG_WARN_ENUM_CONVERSION = YES;
				CLANG_WARN_INT_CONVERSION = YES;
				CLANG_WARN_OBJC_ROOT_CLASS = YES_ERROR;
				CLANG_WARN_UNREACHABLE_CODE = YES;
				CLANG_WARN__DUPLICATE_METHOD_MATCH = YES;
				"CODE_SIGN_IDENTITY[sdk=iphoneos*]" = "iPhone Developer";
				COPY_PHASE_STRIP = NO;
				CURRENT_PROJECT_VERSION = 1;
				DEBUG_INFORMATION_FORMAT = "dwarf-with-dsym";
				ENABLE_NS_ASSERTIONS = NO;
				ENABLE_STRICT_OBJC_MSGSEND = YES;
				GCC_C_LANGUAGE_STANDARD = gnu99;
				GCC_NO_COMMON_BLOCKS = YES;
				GCC_WARN_64_TO_32_BIT_CONVERSION = YES;
				GCC_WARN_ABOUT_RETURN_TYPE = YES_ERROR;
				GCC_WARN_UNDECLARED_SELECTOR = YES;
				GCC_WARN_UNINITIALIZED_AUTOS = YES_AGGRESSIVE;
				GCC_WARN_UNUSED_FUNCTION = YES;
				GCC_WARN_UNUSED_VARIABLE = YES;
				IPHONEOS_DEPLOYMENT_TARGET = 9.3;
				MTL_ENABLE_DEBUG_INFO = NO;
				SDKROOT = iphoneos;
				TARGETED_DEVICE_FAMILY = "1,2";
				VALIDATE_PRODUCT = YES;
				VERSIONING_SYSTEM = "apple-generic";
				VERSION_INFO_PREFIX = "";
			};
			name = Release;
		};
		B0D699201D035FA2003B4CCD /* Debug */ = {
			isa = XCBuildConfiguration;
			buildSettings = {
				DEFINES_MODULE = YES;
				DYLIB_COMPATIBILITY_VERSION = 1;
				DYLIB_CURRENT_VERSION = 1;
				DYLIB_INSTALL_NAME_BASE = "@rpath";
				FRAMEWORK_SEARCH_PATHS = (
					"$(inherited)",
					"$(PROJECT_DIR)/Carthage/Build/iOS",
				);
				INFOPLIST_FILE = FolioReaderKit/Info.plist;
				INSTALL_PATH = "$(LOCAL_LIBRARY_DIR)/Frameworks";
				IPHONEOS_DEPLOYMENT_TARGET = 8.0;
				LD_RUNPATH_SEARCH_PATHS = "$(inherited) @executable_path/Frameworks @loader_path/Frameworks";
				PRODUCT_BUNDLE_IDENTIFIER = com.folioreader.FolioReaderKit;
				PRODUCT_NAME = "$(TARGET_NAME)";
				SKIP_INSTALL = YES;
			};
			name = Debug;
		};
		B0D699211D035FA2003B4CCD /* Release */ = {
			isa = XCBuildConfiguration;
			buildSettings = {
				DEFINES_MODULE = YES;
				DYLIB_COMPATIBILITY_VERSION = 1;
				DYLIB_CURRENT_VERSION = 1;
				DYLIB_INSTALL_NAME_BASE = "@rpath";
				FRAMEWORK_SEARCH_PATHS = (
					"$(inherited)",
					"$(PROJECT_DIR)/Carthage/Build/iOS",
				);
				INFOPLIST_FILE = FolioReaderKit/Info.plist;
				INSTALL_PATH = "$(LOCAL_LIBRARY_DIR)/Frameworks";
				IPHONEOS_DEPLOYMENT_TARGET = 8.0;
				LD_RUNPATH_SEARCH_PATHS = "$(inherited) @executable_path/Frameworks @loader_path/Frameworks";
				PRODUCT_BUNDLE_IDENTIFIER = com.folioreader.FolioReaderKit;
				PRODUCT_NAME = "$(TARGET_NAME)";
				SKIP_INSTALL = YES;
			};
			name = Release;
		};
		B0D699231D035FA2003B4CCD /* Debug */ = {
			isa = XCBuildConfiguration;
			buildSettings = {
				INFOPLIST_FILE = FolioReaderKitTests/Info.plist;
				LD_RUNPATH_SEARCH_PATHS = "$(inherited) @executable_path/Frameworks @loader_path/Frameworks";
				PRODUCT_BUNDLE_IDENTIFIER = com.folioreader.FolioReaderKitTests;
				PRODUCT_NAME = "$(TARGET_NAME)";
			};
			name = Debug;
		};
		B0D699241D035FA2003B4CCD /* Release */ = {
			isa = XCBuildConfiguration;
			buildSettings = {
				INFOPLIST_FILE = FolioReaderKitTests/Info.plist;
				LD_RUNPATH_SEARCH_PATHS = "$(inherited) @executable_path/Frameworks @loader_path/Frameworks";
				PRODUCT_BUNDLE_IDENTIFIER = com.folioreader.FolioReaderKitTests;
				PRODUCT_NAME = "$(TARGET_NAME)";
			};
			name = Release;
		};
/* End XCBuildConfiguration section */

/* Begin XCConfigurationList section */
		B0D699051D035FA1003B4CCD /* Build configuration list for PBXProject "FolioReaderKit" */ = {
			isa = XCConfigurationList;
			buildConfigurations = (
				B0D6991D1D035FA2003B4CCD /* Debug */,
				B0D6991E1D035FA2003B4CCD /* Release */,
			);
			defaultConfigurationIsVisible = 0;
			defaultConfigurationName = Release;
		};
		B0D6991F1D035FA2003B4CCD /* Build configuration list for PBXNativeTarget "FolioReaderKit" */ = {
			isa = XCConfigurationList;
			buildConfigurations = (
				B0D699201D035FA2003B4CCD /* Debug */,
				B0D699211D035FA2003B4CCD /* Release */,
			);
			defaultConfigurationIsVisible = 0;
			defaultConfigurationName = Release;
		};
		B0D699221D035FA2003B4CCD /* Build configuration list for PBXNativeTarget "FolioReaderKitTests" */ = {
			isa = XCConfigurationList;
			buildConfigurations = (
				B0D699231D035FA2003B4CCD /* Debug */,
				B0D699241D035FA2003B4CCD /* Release */,
			);
			defaultConfigurationIsVisible = 0;
			defaultConfigurationName = Release;
		};
/* End XCConfigurationList section */

/* Begin XCVersionGroup section */
		1A1258A01D36F8A1004FA9A7 /* FolioReader.xcdatamodeld */ = {
			isa = XCVersionGroup;
			children = (
				1A1258A11D36F8A1004FA9A7 /* FolioReader.xcdatamodel */,
			);
			currentVersion = 1A1258A11D36F8A1004FA9A7 /* FolioReader.xcdatamodel */;
			path = FolioReader.xcdatamodeld;
			sourceTree = "<group>";
			versionGroupType = wrapper.xcdatamodel;
		};
/* End XCVersionGroup section */
	};
	rootObject = B0D699021D035FA1003B4CCD /* Project object */;
}
